
Microsoft Visual Studio Solution File, Format Version 12.00
# Visual Studio Version 17
VisualStudioVersion = 17.2.32616.157
MinimumVisualStudioVersion = 10.0.40219.1
Project("{9A19103F-16F7-4668-BE54-9A1E7A4F7556}") = "CS_DataTypes", "CS_DataTypes\CS_DataTypes.csproj", "{A1E1FC6F-AD86-448B-A2CE-1C26C3747039}"
EndProject
Project("{2150E333-8FDC-42A3-9474-1A3956D46DE8}") = "Solution Items", "Solution Items", "{DE45DE98-635A-4E67-B58D-369A920B52D8}"
	ProjectSection(SolutionItems) = preProject
		Assignments.md = Assignments.md
		readme.md = readme.md
	EndProjectSection
EndProject
Project("{2150E333-8FDC-42A3-9474-1A3956D46DE8}") = "ColletionFrwk", "ColletionFrwk", "{59A125F6-75DD-4C91-A17D-E74ED180F61C}"
EndProject
Project("{9A19103F-16F7-4668-BE54-9A1E7A4F7556}") = "CS_Collections", "CS_Collections\CS_Collections.csproj", "{EE4CE980-114E-41E1-84D2-0E95EA501A5E}"
EndProject
Project("{9A19103F-16F7-4668-BE54-9A1E7A4F7556}") = "CS_Geneics_Classes", "CS_Geneics_Classes\CS_Geneics_Classes.csproj", "{FA13C74E-8F04-4A62-8F8A-1CFC81D43999}"
EndProject
Project("{9A19103F-16F7-4668-BE54-9A1E7A4F7556}") = "CS_Dictionary", "CS_Dictionary\CS_Dictionary.csproj", "{8A93D643-9A21-48E5-999D-50D6E011C5B0}"
EndProject
Project("{2150E333-8FDC-42A3-9474-1A3956D46DE8}") = "UsingCollections", "UsingCollections", "{4C7C02BE-9ECF-4E7D-8FFD-969E5C9E9C11}"
EndProject
Project("{2150E333-8FDC-42A3-9474-1A3956D46DE8}") = "Fundamentals", "Fundamentals", "{235A13E5-114B-4F34-9428-27AB20AC89FA}"
EndProject
Project("{9A19103F-16F7-4668-BE54-9A1E7A4F7556}") = "CS_Methods", "CS_Methods\CS_Methods.csproj", "{4BA66FEF-7532-4100-A59F-E779C858B105}"
EndProject
Project("{FAE04EC0-301F-11D3-BF4B-00C04F79EFBC}") = "CS_NetFrwk", "CS_NetFrwk\CS_NetFrwk.csproj", "{389AB591-E989-4D1A-A5F9-2E407FE32955}"
EndProject
Project("{9A19103F-16F7-4668-BE54-9A1E7A4F7556}") = "CS_String_Types", "CS_String_Types\CS_String_Types.csproj", "{4C81E67E-5173-4713-8518-19C69764273A}"
EndProject
Project("{9A19103F-16F7-4668-BE54-9A1E7A4F7556}") = "CS_Ref_Out", "CS_Ref_Out\CS_Ref_Out.csproj", "{9798FAAE-3C3F-4FB8-973E-E9D2218EDB35}"
EndProject
Project("{9A19103F-16F7-4668-BE54-9A1E7A4F7556}") = "CS_Arrays", "CS_Arrays\CS_Arrays.csproj", "{E0EBD2F8-5858-4DB7-A4D9-841B8527D141}"
EndProject
Project("{9A19103F-16F7-4668-BE54-9A1E7A4F7556}") = "CS_StringArray", "CS_StringArray\CS_StringArray.csproj", "{1FA66E1D-A316-49EF-B0C0-8F10E8A9D71B}"
EndProject
Project("{9A19103F-16F7-4668-BE54-9A1E7A4F7556}") = "CS_ArrayList", "CS_ArrayList\CS_ArrayList.csproj", "{BC0D9532-C3AF-49B9-8EF6-7153A0D59DDC}"
EndProject
Project("{9A19103F-16F7-4668-BE54-9A1E7A4F7556}") = "CS_Generic_List", "CS_Generic_List\CS_Generic_List.csproj", "{2D79D9AD-8639-4AD6-9BBA-09C803B473B4}"
EndProject
Project("{2150E333-8FDC-42A3-9474-1A3956D46DE8}") = "OOPs", "OOPs", "{A3360FC9-F7B9-4A16-A536-E7D16D637DA7}"
EndProject
Project("{9A19103F-16F7-4668-BE54-9A1E7A4F7556}") = "CS_Basic_Class", "CS_Basic_Class\CS_Basic_Class.csproj", "{EDF2F24C-3510-4AD4-93DC-CF17B7C8576B}"
EndProject
Project("{9A19103F-16F7-4668-BE54-9A1E7A4F7556}") = "CS_OOPS_Constructor", "CS_OOPS_Constructor\CS_OOPS_Constructor.csproj", "{7CD660D5-6EC6-4D4E-8148-3BF3C608C430}"
EndProject
Project("{9A19103F-16F7-4668-BE54-9A1E7A4F7556}") = "CS_Inheritence", "CS_Inheritence\CS_Inheritence.csproj", "{C9A4EAAC-B5BF-4DFA-9399-2BFC955AB6CF}"
EndProject
Project("{9A19103F-16F7-4668-BE54-9A1E7A4F7556}") = "CS_Abstract_Override", "CS_Abstract_Override\CS_Abstract_Override.csproj", "{A3FEA98A-7750-409E-B37F-10D5CD772CAD}"
EndProject
Project("{9A19103F-16F7-4668-BE54-9A1E7A4F7556}") = "CS_Globals", "CS_Globals\CS_Globals.csproj", "{7053D4AE-5E7A-4EC3-84E5-A41422A1F4CC}"
EndProject
Project("{9A19103F-16F7-4668-BE54-9A1E7A4F7556}") = "CS_UsingStatic", "CS_UsingStatic\CS_UsingStatic.csproj", "{685397AA-75BE-47DF-AA4A-67CBAE72127F}"
EndProject
Project("{9A19103F-16F7-4668-BE54-9A1E7A4F7556}") = "CS_Sealed", "CS_Sealed\CS_Sealed.csproj", "{D7D39853-07B9-4DC7-B276-4AFAC2FC4232}"
EndProject
Project("{FAE04EC0-301F-11D3-BF4B-00C04F79EFBC}") = "CS_Simple_Interface", "CS_Simple_Interface\CS_Simple_Interface.csproj", "{F7A81852-A714-4ADF-B01D-9C56CDCA161F}"
EndProject
Project("{FAE04EC0-301F-11D3-BF4B-00C04F79EFBC}") = "CS_Multiple_INterfaces", "CS_Multiple_INterfaces\CS_Multiple_INterfaces.csproj", "{EB48021D-1B99-4A6C-B27E-FC8D4E5FC9BE}"
EndProject
Project("{FAE04EC0-301F-11D3-BF4B-00C04F79EFBC}") = "CS_Dynamic_Interface", "CS_Dynamic_Interface\CS_Dynamic_Interface.csproj", "{18D5414B-B4F4-49E2-9479-80FAB8D72D8F}"
EndProject
Project("{2150E333-8FDC-42A3-9474-1A3956D46DE8}") = "GenericsDemo", "GenericsDemo", "{F7EDE4A9-5230-4E32-8679-3874E32751BC}"
EndProject
Project("{FAE04EC0-301F-11D3-BF4B-00C04F79EFBC}") = "CS_Generic", "CS_Generic\CS_Generic.csproj", "{EEDA53BF-05CC-4526-B431-0A378627FCBC}"
EndProject
Project("{FAE04EC0-301F-11D3-BF4B-00C04F79EFBC}") = "CS_Gen_App", "CS_Gen_App\CS_Gen_App.csproj", "{C3A86ABB-87FC-4687-B6AC-50532D04C8B7}"
EndProject
Global
	GlobalSection(SolutionConfigurationPlatforms) = preSolution
		Debug|Any CPU = Debug|Any CPU
		Release|Any CPU = Release|Any CPU
	EndGlobalSection
	GlobalSection(ProjectConfigurationPlatforms) = postSolution
		{A1E1FC6F-AD86-448B-A2CE-1C26C3747039}.Debug|Any CPU.ActiveCfg = Debug|Any CPU
		{A1E1FC6F-AD86-448B-A2CE-1C26C3747039}.Debug|Any CPU.Build.0 = Debug|Any CPU
		{A1E1FC6F-AD86-448B-A2CE-1C26C3747039}.Release|Any CPU.ActiveCfg = Release|Any CPU
		{A1E1FC6F-AD86-448B-A2CE-1C26C3747039}.Release|Any CPU.Build.0 = Release|Any CPU
		{EE4CE980-114E-41E1-84D2-0E95EA501A5E}.Debug|Any CPU.ActiveCfg = Debug|Any CPU
		{EE4CE980-114E-41E1-84D2-0E95EA501A5E}.Debug|Any CPU.Build.0 = Debug|Any CPU
		{EE4CE980-114E-41E1-84D2-0E95EA501A5E}.Release|Any CPU.ActiveCfg = Release|Any CPU
		{EE4CE980-114E-41E1-84D2-0E95EA501A5E}.Release|Any CPU.Build.0 = Release|Any CPU
		{FA13C74E-8F04-4A62-8F8A-1CFC81D43999}.Debug|Any CPU.ActiveCfg = Debug|Any CPU
		{FA13C74E-8F04-4A62-8F8A-1CFC81D43999}.Debug|Any CPU.Build.0 = Debug|Any CPU
		{FA13C74E-8F04-4A62-8F8A-1CFC81D43999}.Release|Any CPU.ActiveCfg = Release|Any CPU
		{FA13C74E-8F04-4A62-8F8A-1CFC81D43999}.Release|Any CPU.Build.0 = Release|Any CPU
		{8A93D643-9A21-48E5-999D-50D6E011C5B0}.Debug|Any CPU.ActiveCfg = Debug|Any CPU
		{8A93D643-9A21-48E5-999D-50D6E011C5B0}.Debug|Any CPU.Build.0 = Debug|Any CPU
		{8A93D643-9A21-48E5-999D-50D6E011C5B0}.Release|Any CPU.ActiveCfg = Release|Any CPU
		{8A93D643-9A21-48E5-999D-50D6E011C5B0}.Release|Any CPU.Build.0 = Release|Any CPU
		{4BA66FEF-7532-4100-A59F-E779C858B105}.Debug|Any CPU.ActiveCfg = Debug|Any CPU
		{4BA66FEF-7532-4100-A59F-E779C858B105}.Debug|Any CPU.Build.0 = Debug|Any CPU
		{4BA66FEF-7532-4100-A59F-E779C858B105}.Release|Any CPU.ActiveCfg = Release|Any CPU
		{4BA66FEF-7532-4100-A59F-E779C858B105}.Release|Any CPU.Build.0 = Release|Any CPU
		{389AB591-E989-4D1A-A5F9-2E407FE32955}.Debug|Any CPU.ActiveCfg = Debug|Any CPU
		{389AB591-E989-4D1A-A5F9-2E407FE32955}.Debug|Any CPU.Build.0 = Debug|Any CPU
		{389AB591-E989-4D1A-A5F9-2E407FE32955}.Release|Any CPU.ActiveCfg = Release|Any CPU
		{389AB591-E989-4D1A-A5F9-2E407FE32955}.Release|Any CPU.Build.0 = Release|Any CPU
		{4C81E67E-5173-4713-8518-19C69764273A}.Debug|Any CPU.ActiveCfg = Debug|Any CPU
		{4C81E67E-5173-4713-8518-19C69764273A}.Debug|Any CPU.Build.0 = Debug|Any CPU
		{4C81E67E-5173-4713-8518-19C69764273A}.Release|Any CPU.ActiveCfg = Release|Any CPU
		{4C81E67E-5173-4713-8518-19C69764273A}.Release|Any CPU.Build.0 = Release|Any CPU
		{9798FAAE-3C3F-4FB8-973E-E9D2218EDB35}.Debug|Any CPU.ActiveCfg = Debug|Any CPU
		{9798FAAE-3C3F-4FB8-973E-E9D2218EDB35}.Debug|Any CPU.Build.0 = Debug|Any CPU
		{9798FAAE-3C3F-4FB8-973E-E9D2218EDB35}.Release|Any CPU.ActiveCfg = Release|Any CPU
		{9798FAAE-3C3F-4FB8-973E-E9D2218EDB35}.Release|Any CPU.Build.0 = Release|Any CPU
		{E0EBD2F8-5858-4DB7-A4D9-841B8527D141}.Debug|Any CPU.ActiveCfg = Debug|Any CPU
		{E0EBD2F8-5858-4DB7-A4D9-841B8527D141}.Debug|Any CPU.Build.0 = Debug|Any CPU
		{E0EBD2F8-5858-4DB7-A4D9-841B8527D141}.Release|Any CPU.ActiveCfg = Release|Any CPU
		{E0EBD2F8-5858-4DB7-A4D9-841B8527D141}.Release|Any CPU.Build.0 = Release|Any CPU
		{1FA66E1D-A316-49EF-B0C0-8F10E8A9D71B}.Debug|Any CPU.ActiveCfg = Debug|Any CPU
		{1FA66E1D-A316-49EF-B0C0-8F10E8A9D71B}.Debug|Any CPU.Build.0 = Debug|Any CPU
		{1FA66E1D-A316-49EF-B0C0-8F10E8A9D71B}.Release|Any CPU.ActiveCfg = Release|Any CPU
		{1FA66E1D-A316-49EF-B0C0-8F10E8A9D71B}.Release|Any CPU.Build.0 = Release|Any CPU
		{BC0D9532-C3AF-49B9-8EF6-7153A0D59DDC}.Debug|Any CPU.ActiveCfg = Debug|Any CPU
		{BC0D9532-C3AF-49B9-8EF6-7153A0D59DDC}.Debug|Any CPU.Build.0 = Debug|Any CPU
		{BC0D9532-C3AF-49B9-8EF6-7153A0D59DDC}.Release|Any CPU.ActiveCfg = Release|Any CPU
		{BC0D9532-C3AF-49B9-8EF6-7153A0D59DDC}.Release|Any CPU.Build.0 = Release|Any CPU
		{2D79D9AD-8639-4AD6-9BBA-09C803B473B4}.Debug|Any CPU.ActiveCfg = Debug|Any CPU
		{2D79D9AD-8639-4AD6-9BBA-09C803B473B4}.Debug|Any CPU.Build.0 = Debug|Any CPU
		{2D79D9AD-8639-4AD6-9BBA-09C803B473B4}.Release|Any CPU.ActiveCfg = Release|Any CPU
		{2D79D9AD-8639-4AD6-9BBA-09C803B473B4}.Release|Any CPU.Build.0 = Release|Any CPU
		{EDF2F24C-3510-4AD4-93DC-CF17B7C8576B}.Debug|Any CPU.ActiveCfg = Debug|Any CPU
		{EDF2F24C-3510-4AD4-93DC-CF17B7C8576B}.Debug|Any CPU.Build.0 = Debug|Any CPU
		{EDF2F24C-3510-4AD4-93DC-CF17B7C8576B}.Release|Any CPU.ActiveCfg = Release|Any CPU
		{EDF2F24C-3510-4AD4-93DC-CF17B7C8576B}.Release|Any CPU.Build.0 = Release|Any CPU
		{7CD660D5-6EC6-4D4E-8148-3BF3C608C430}.Debug|Any CPU.ActiveCfg = Debug|Any CPU
		{7CD660D5-6EC6-4D4E-8148-3BF3C608C430}.Debug|Any CPU.Build.0 = Debug|Any CPU
		{7CD660D5-6EC6-4D4E-8148-3BF3C608C430}.Release|Any CPU.ActiveCfg = Release|Any CPU
		{7CD660D5-6EC6-4D4E-8148-3BF3C608C430}.Release|Any CPU.Build.0 = Release|Any CPU
		{C9A4EAAC-B5BF-4DFA-9399-2BFC955AB6CF}.Debug|Any CPU.ActiveCfg = Debug|Any CPU
		{C9A4EAAC-B5BF-4DFA-9399-2BFC955AB6CF}.Debug|Any CPU.Build.0 = Debug|Any CPU
		{C9A4EAAC-B5BF-4DFA-9399-2BFC955AB6CF}.Release|Any CPU.ActiveCfg = Release|Any CPU
		{C9A4EAAC-B5BF-4DFA-9399-2BFC955AB6CF}.Release|Any CPU.Build.0 = Release|Any CPU
		{A3FEA98A-7750-409E-B37F-10D5CD772CAD}.Debug|Any CPU.ActiveCfg = Debug|Any CPU
		{A3FEA98A-7750-409E-B37F-10D5CD772CAD}.Debug|Any CPU.Build.0 = Debug|Any CPU
		{A3FEA98A-7750-409E-B37F-10D5CD772CAD}.Release|Any CPU.ActiveCfg = Release|Any CPU
		{A3FEA98A-7750-409E-B37F-10D5CD772CAD}.Release|Any CPU.Build.0 = Release|Any CPU
		{7053D4AE-5E7A-4EC3-84E5-A41422A1F4CC}.Debug|Any CPU.ActiveCfg = Debug|Any CPU
		{7053D4AE-5E7A-4EC3-84E5-A41422A1F4CC}.Debug|Any CPU.Build.0 = Debug|Any CPU
		{7053D4AE-5E7A-4EC3-84E5-A41422A1F4CC}.Release|Any CPU.ActiveCfg = Release|Any CPU
		{7053D4AE-5E7A-4EC3-84E5-A41422A1F4CC}.Release|Any CPU.Build.0 = Release|Any CPU
		{685397AA-75BE-47DF-AA4A-67CBAE72127F}.Debug|Any CPU.ActiveCfg = Debug|Any CPU
		{685397AA-75BE-47DF-AA4A-67CBAE72127F}.Debug|Any CPU.Build.0 = Debug|Any CPU
		{685397AA-75BE-47DF-AA4A-67CBAE72127F}.Release|Any CPU.ActiveCfg = Release|Any CPU
		{685397AA-75BE-47DF-AA4A-67CBAE72127F}.Release|Any CPU.Build.0 = Release|Any CPU
		{D7D39853-07B9-4DC7-B276-4AFAC2FC4232}.Debug|Any CPU.ActiveCfg = Debug|Any CPU
		{D7D39853-07B9-4DC7-B276-4AFAC2FC4232}.Debug|Any CPU.Build.0 = Debug|Any CPU
		{D7D39853-07B9-4DC7-B276-4AFAC2FC4232}.Release|Any CPU.ActiveCfg = Release|Any CPU
		{D7D39853-07B9-4DC7-B276-4AFAC2FC4232}.Release|Any CPU.Build.0 = Release|Any CPU
		{F7A81852-A714-4ADF-B01D-9C56CDCA161F}.Debug|Any CPU.ActiveCfg = Debug|Any CPU
		{F7A81852-A714-4ADF-B01D-9C56CDCA161F}.Debug|Any CPU.Build.0 = Debug|Any CPU
		{F7A81852-A714-4ADF-B01D-9C56CDCA161F}.Release|Any CPU.ActiveCfg = Release|Any CPU
		{F7A81852-A714-4ADF-B01D-9C56CDCA161F}.Release|Any CPU.Build.0 = Release|Any CPU
		{EB48021D-1B99-4A6C-B27E-FC8D4E5FC9BE}.Debug|Any CPU.ActiveCfg = Debug|Any CPU
		{EB48021D-1B99-4A6C-B27E-FC8D4E5FC9BE}.Debug|Any CPU.Build.0 = Debug|Any CPU
		{EB48021D-1B99-4A6C-B27E-FC8D4E5FC9BE}.Release|Any CPU.ActiveCfg = Release|Any CPU
		{EB48021D-1B99-4A6C-B27E-FC8D4E5FC9BE}.Release|Any CPU.Build.0 = Release|Any CPU
		{18D5414B-B4F4-49E2-9479-80FAB8D72D8F}.Debug|Any CPU.ActiveCfg = Debug|Any CPU
		{18D5414B-B4F4-49E2-9479-80FAB8D72D8F}.Debug|Any CPU.Build.0 = Debug|Any CPU
		{18D5414B-B4F4-49E2-9479-80FAB8D72D8F}.Release|Any CPU.ActiveCfg = Release|Any CPU
		{18D5414B-B4F4-49E2-9479-80FAB8D72D8F}.Release|Any CPU.Build.0 = Release|Any CPU
		{EEDA53BF-05CC-4526-B431-0A378627FCBC}.Debug|Any CPU.ActiveCfg = Debug|Any CPU
		{EEDA53BF-05CC-4526-B431-0A378627FCBC}.Debug|Any CPU.Build.0 = Debug|Any CPU
		{EEDA53BF-05CC-4526-B431-0A378627FCBC}.Release|Any CPU.ActiveCfg = Release|Any CPU
		{EEDA53BF-05CC-4526-B431-0A378627FCBC}.Release|Any CPU.Build.0 = Release|Any CPU
		{C3A86ABB-87FC-4687-B6AC-50532D04C8B7}.Debug|Any CPU.ActiveCfg = Debug|Any CPU
		{C3A86ABB-87FC-4687-B6AC-50532D04C8B7}.Debug|Any CPU.Build.0 = Debug|Any CPU
		{C3A86ABB-87FC-4687-B6AC-50532D04C8B7}.Release|Any CPU.ActiveCfg = Release|Any CPU
		{C3A86ABB-87FC-4687-B6AC-50532D04C8B7}.Release|Any CPU.Build.0 = Release|Any CPU
	EndGlobalSection
	GlobalSection(SolutionProperties) = preSolution
		HideSolutionNode = FALSE
	EndGlobalSection
	GlobalSection(NestedProjects) = preSolution
		{EE4CE980-114E-41E1-84D2-0E95EA501A5E} = {59A125F6-75DD-4C91-A17D-E74ED180F61C}
		{FA13C74E-8F04-4A62-8F8A-1CFC81D43999} = {59A125F6-75DD-4C91-A17D-E74ED180F61C}
		{8A93D643-9A21-48E5-999D-50D6E011C5B0} = {59A125F6-75DD-4C91-A17D-E74ED180F61C}
		{4BA66FEF-7532-4100-A59F-E779C858B105} = {235A13E5-114B-4F34-9428-27AB20AC89FA}
		{389AB591-E989-4D1A-A5F9-2E407FE32955} = {235A13E5-114B-4F34-9428-27AB20AC89FA}
		{4C81E67E-5173-4713-8518-19C69764273A} = {235A13E5-114B-4F34-9428-27AB20AC89FA}
		{9798FAAE-3C3F-4FB8-973E-E9D2218EDB35} = {235A13E5-114B-4F34-9428-27AB20AC89FA}
		{E0EBD2F8-5858-4DB7-A4D9-841B8527D141} = {59A125F6-75DD-4C91-A17D-E74ED180F61C}
		{1FA66E1D-A316-49EF-B0C0-8F10E8A9D71B} = {59A125F6-75DD-4C91-A17D-E74ED180F61C}
		{BC0D9532-C3AF-49B9-8EF6-7153A0D59DDC} = {59A125F6-75DD-4C91-A17D-E74ED180F61C}
		{2D79D9AD-8639-4AD6-9BBA-09C803B473B4} = {59A125F6-75DD-4C91-A17D-E74ED180F61C}
		{EDF2F24C-3510-4AD4-93DC-CF17B7C8576B} = {A3360FC9-F7B9-4A16-A536-E7D16D637DA7}
		{7CD660D5-6EC6-4D4E-8148-3BF3C608C430} = {A3360FC9-F7B9-4A16-A536-E7D16D637DA7}
		{C9A4EAAC-B5BF-4DFA-9399-2BFC955AB6CF} = {A3360FC9-F7B9-4A16-A536-E7D16D637DA7}
		{A3FEA98A-7750-409E-B37F-10D5CD772CAD} = {A3360FC9-F7B9-4A16-A536-E7D16D637DA7}
		{7053D4AE-5E7A-4EC3-84E5-A41422A1F4CC} = {A3360FC9-F7B9-4A16-A536-E7D16D637DA7}
		{685397AA-75BE-47DF-AA4A-67CBAE72127F} = {A3360FC9-F7B9-4A16-A536-E7D16D637DA7}
		{D7D39853-07B9-4DC7-B276-4AFAC2FC4232} = {A3360FC9-F7B9-4A16-A536-E7D16D637DA7}
		{F7A81852-A714-4ADF-B01D-9C56CDCA161F} = {A3360FC9-F7B9-4A16-A536-E7D16D637DA7}
		{EB48021D-1B99-4A6C-B27E-FC8D4E5FC9BE} = {A3360FC9-F7B9-4A16-A536-E7D16D637DA7}
		{18D5414B-B4F4-49E2-9479-80FAB8D72D8F} = {A3360FC9-F7B9-4A16-A536-E7D16D637DA7}
		{EEDA53BF-05CC-4526-B431-0A378627FCBC} = {F7EDE4A9-5230-4E32-8679-3874E32751BC}
		{C3A86ABB-87FC-4687-B6AC-50532D04C8B7} = {F7EDE4A9-5230-4E32-8679-3874E32751BC}
	EndGlobalSection
	GlobalSection(ExtensibilityGlobals) = postSolution
		SolutionGuid = {DC8229FF-A928-47D7-A51A-844D103A760F}
	EndGlobalSection
EndGlobal
