
Microsoft Visual Studio Solution File, Format Version 12.00
# Visual Studio Version 17
VisualStudioVersion = 17.2.32616.157
MinimumVisualStudioVersion = 10.0.40219.1
Project("{9A19103F-16F7-4668-BE54-9A1E7A4F7556}") = "CS_DataTypes", "CS_DataTypes\CS_DataTypes.csproj", "{A1E1FC6F-AD86-448B-A2CE-1C26C3747039}"
EndProject
Project("{2150E333-8FDC-42A3-9474-1A3956D46DE8}") = "Solution Items", "Solution Items", "{DE45DE98-635A-4E67-B58D-369A920B52D8}"
	ProjectSection(SolutionItems) = preProject
		Assignments.md = Assignments.md
		readme.md = readme.md
	EndProjectSection
EndProject
Project("{2150E333-8FDC-42A3-9474-1A3956D46DE8}") = "ColletionFrwk", "ColletionFrwk", "{59A125F6-75DD-4C91-A17D-E74ED180F61C}"
EndProject
Project("{9A19103F-16F7-4668-BE54-9A1E7A4F7556}") = "CS_Collections", "CS_Collections\CS_Collections.csproj", "{EE4CE980-114E-41E1-84D2-0E95EA501A5E}"
EndProject
Project("{9A19103F-16F7-4668-BE54-9A1E7A4F7556}") = "CS_Geneics_Classes", "CS_Geneics_Classes\CS_Geneics_Classes.csproj", "{FA13C74E-8F04-4A62-8F8A-1CFC81D43999}"
EndProject
Project("{9A19103F-16F7-4668-BE54-9A1E7A4F7556}") = "CS_Dictionary", "CS_Dictionary\CS_Dictionary.csproj", "{8A93D643-9A21-48E5-999D-50D6E011C5B0}"
EndProject
Project("{2150E333-8FDC-42A3-9474-1A3956D46DE8}") = "UsingCollections", "UsingCollections", "{4C7C02BE-9ECF-4E7D-8FFD-969E5C9E9C11}"
EndProject
Project("{2150E333-8FDC-42A3-9474-1A3956D46DE8}") = "Fundamentals", "Fundamentals", "{235A13E5-114B-4F34-9428-27AB20AC89FA}"
EndProject
Project("{FAE04EC0-301F-11D3-BF4B-00C04F79EFBC}") = "CS_Methods", "CS_Methods\CS_Methods.csproj", "{4BA66FEF-7532-4100-A59F-E779C858B105}"
EndProject
Project("{FAE04EC0-301F-11D3-BF4B-00C04F79EFBC}") = "CS_NetFrwk", "CS_NetFrwk\CS_NetFrwk.csproj", "{389AB591-E989-4D1A-A5F9-2E407FE32955}"
EndProject
Project("{FAE04EC0-301F-11D3-BF4B-00C04F79EFBC}") = "CS_String_Types", "CS_String_Types\CS_String_Types.csproj", "{4C81E67E-5173-4713-8518-19C69764273A}"
EndProject
Project("{FAE04EC0-301F-11D3-BF4B-00C04F79EFBC}") = "CS_Ref_Out", "CS_Ref_Out\CS_Ref_Out.csproj", "{9798FAAE-3C3F-4FB8-973E-E9D2218EDB35}"
EndProject
Global
	GlobalSection(SolutionConfigurationPlatforms) = preSolution
		Debug|Any CPU = Debug|Any CPU
		Release|Any CPU = Release|Any CPU
	EndGlobalSection
	GlobalSection(ProjectConfigurationPlatforms) = postSolution
		{A1E1FC6F-AD86-448B-A2CE-1C26C3747039}.Debug|Any CPU.ActiveCfg = Debug|Any CPU
		{A1E1FC6F-AD86-448B-A2CE-1C26C3747039}.Debug|Any CPU.Build.0 = Debug|Any CPU
		{A1E1FC6F-AD86-448B-A2CE-1C26C3747039}.Release|Any CPU.ActiveCfg = Release|Any CPU
		{A1E1FC6F-AD86-448B-A2CE-1C26C3747039}.Release|Any CPU.Build.0 = Release|Any CPU
		{EE4CE980-114E-41E1-84D2-0E95EA501A5E}.Debug|Any CPU.ActiveCfg = Debug|Any CPU
		{EE4CE980-114E-41E1-84D2-0E95EA501A5E}.Debug|Any CPU.Build.0 = Debug|Any CPU
		{EE4CE980-114E-41E1-84D2-0E95EA501A5E}.Release|Any CPU.ActiveCfg = Release|Any CPU
		{EE4CE980-114E-41E1-84D2-0E95EA501A5E}.Release|Any CPU.Build.0 = Release|Any CPU
		{FA13C74E-8F04-4A62-8F8A-1CFC81D43999}.Debug|Any CPU.ActiveCfg = Debug|Any CPU
		{FA13C74E-8F04-4A62-8F8A-1CFC81D43999}.Debug|Any CPU.Build.0 = Debug|Any CPU
		{FA13C74E-8F04-4A62-8F8A-1CFC81D43999}.Release|Any CPU.ActiveCfg = Release|Any CPU
		{FA13C74E-8F04-4A62-8F8A-1CFC81D43999}.Release|Any CPU.Build.0 = Release|Any CPU
		{8A93D643-9A21-48E5-999D-50D6E011C5B0}.Debug|Any CPU.ActiveCfg = Debug|Any CPU
		{8A93D643-9A21-48E5-999D-50D6E011C5B0}.Debug|Any CPU.Build.0 = Debug|Any CPU
		{8A93D643-9A21-48E5-999D-50D6E011C5B0}.Release|Any CPU.ActiveCfg = Release|Any CPU
		{8A93D643-9A21-48E5-999D-50D6E011C5B0}.Release|Any CPU.Build.0 = Release|Any CPU
		{4BA66FEF-7532-4100-A59F-E779C858B105}.Debug|Any CPU.ActiveCfg = Debug|Any CPU
		{4BA66FEF-7532-4100-A59F-E779C858B105}.Debug|Any CPU.Build.0 = Debug|Any CPU
		{4BA66FEF-7532-4100-A59F-E779C858B105}.Release|Any CPU.ActiveCfg = Release|Any CPU
		{4BA66FEF-7532-4100-A59F-E779C858B105}.Release|Any CPU.Build.0 = Release|Any CPU
		{389AB591-E989-4D1A-A5F9-2E407FE32955}.Debug|Any CPU.ActiveCfg = Debug|Any CPU
		{389AB591-E989-4D1A-A5F9-2E407FE32955}.Debug|Any CPU.Build.0 = Debug|Any CPU
		{389AB591-E989-4D1A-A5F9-2E407FE32955}.Release|Any CPU.ActiveCfg = Release|Any CPU
		{389AB591-E989-4D1A-A5F9-2E407FE32955}.Release|Any CPU.Build.0 = Release|Any CPU
		{4C81E67E-5173-4713-8518-19C69764273A}.Debug|Any CPU.ActiveCfg = Debug|Any CPU
		{4C81E67E-5173-4713-8518-19C69764273A}.Debug|Any CPU.Build.0 = Debug|Any CPU
		{4C81E67E-5173-4713-8518-19C69764273A}.Release|Any CPU.ActiveCfg = Release|Any CPU
		{4C81E67E-5173-4713-8518-19C69764273A}.Release|Any CPU.Build.0 = Release|Any CPU
		{9798FAAE-3C3F-4FB8-973E-E9D2218EDB35}.Debug|Any CPU.ActiveCfg = Debug|Any CPU
		{9798FAAE-3C3F-4FB8-973E-E9D2218EDB35}.Debug|Any CPU.Build.0 = Debug|Any CPU
		{9798FAAE-3C3F-4FB8-973E-E9D2218EDB35}.Release|Any CPU.ActiveCfg = Release|Any CPU
		{9798FAAE-3C3F-4FB8-973E-E9D2218EDB35}.Release|Any CPU.Build.0 = Release|Any CPU
	EndGlobalSection
	GlobalSection(SolutionProperties) = preSolution
		HideSolutionNode = FALSE
	EndGlobalSection
	GlobalSection(NestedProjects) = preSolution
		{EE4CE980-114E-41E1-84D2-0E95EA501A5E} = {59A125F6-75DD-4C91-A17D-E74ED180F61C}
		{FA13C74E-8F04-4A62-8F8A-1CFC81D43999} = {59A125F6-75DD-4C91-A17D-E74ED180F61C}
		{8A93D643-9A21-48E5-999D-50D6E011C5B0} = {59A125F6-75DD-4C91-A17D-E74ED180F61C}
		{4BA66FEF-7532-4100-A59F-E779C858B105} = {235A13E5-114B-4F34-9428-27AB20AC89FA}
		{389AB591-E989-4D1A-A5F9-2E407FE32955} = {235A13E5-114B-4F34-9428-27AB20AC89FA}
		{4C81E67E-5173-4713-8518-19C69764273A} = {235A13E5-114B-4F34-9428-27AB20AC89FA}
		{9798FAAE-3C3F-4FB8-973E-E9D2218EDB35} = {235A13E5-114B-4F34-9428-27AB20AC89FA}
	EndGlobalSection
	GlobalSection(ExtensibilityGlobals) = postSolution
		SolutionGuid = {DC8229FF-A928-47D7-A51A-844D103A760F}
	EndGlobalSection
EndGlobal
