
Microsoft Visual Studio Solution File, Format Version 12.00
# Visual Studio Version 17
VisualStudioVersion = 17.2.32616.157
MinimumVisualStudioVersion = 10.0.40219.1
Project("{9A19103F-16F7-4668-BE54-9A1E7A4F7556}") = "CS_DataTypes", "CS_DataTypes\CS_DataTypes.csproj", "{A1E1FC6F-AD86-448B-A2CE-1C26C3747039}"
EndProject
Project("{2150E333-8FDC-42A3-9474-1A3956D46DE8}") = "Solution Items", "Solution Items", "{DE45DE98-635A-4E67-B58D-369A920B52D8}"
	ProjectSection(SolutionItems) = preProject
		Assignments.md = Assignments.md
		..\..\Users\acer\OneDrive\New_Lab_Documents\CSharp\csharp 4.0 specification.doc = ..\..\Users\acer\OneDrive\New_Lab_Documents\CSharp\csharp 4.0 specification.doc
		..\..\Users\acer\OneDrive\New_Lab_Documents\CSharp\CS_Appls.pdf = ..\..\Users\acer\OneDrive\New_Lab_Documents\CSharp\CS_Appls.pdf
		..\..\Users\acer\OneDrive\New_Lab_Documents\CSharp\CS_Async_Delegate.pdf = ..\..\Users\acer\OneDrive\New_Lab_Documents\CSharp\CS_Async_Delegate.pdf
		..\..\Users\acer\OneDrive\New_Lab_Documents\CSharp\CS_File_Handling.pdf = ..\..\Users\acer\OneDrive\New_Lab_Documents\CSharp\CS_File_Handling.pdf
		..\..\Users\acer\OneDrive\New_Lab_Documents\CSharp\CS_Working_With_Reflection.pdf = ..\..\Users\acer\OneDrive\New_Lab_Documents\CSharp\CS_Working_With_Reflection.pdf
		..\..\Users\acer\OneDrive\New_Lab_Documents\CSharp\CS_Working_With_Streams.pdf = ..\..\Users\acer\OneDrive\New_Lab_Documents\CSharp\CS_Working_With_Streams.pdf
		..\..\Users\acer\OneDrive\New_Lab_Documents\CSharp\Generics_Lab.pdf = ..\..\Users\acer\OneDrive\New_Lab_Documents\CSharp\Generics_Lab.pdf
		..\..\Users\acer\OneDrive\New_Lab_Documents\CSharp\LINQ_HOL.pdf = ..\..\Users\acer\OneDrive\New_Lab_Documents\CSharp\LINQ_HOL.pdf
		..\..\Users\acer\OneDrive\New_Lab_Documents\CSharp\LINQ_TO_SQL.pdf = ..\..\Users\acer\OneDrive\New_Lab_Documents\CSharp\LINQ_TO_SQL.pdf
		Quiz_Coditas.txt = Quiz_Coditas.txt
		readme.md = readme.md
		SQL_SREVRE.pptx = SQL_SREVRE.pptx
	EndProjectSection
EndProject
Project("{2150E333-8FDC-42A3-9474-1A3956D46DE8}") = "ColletionFrwk", "ColletionFrwk", "{59A125F6-75DD-4C91-A17D-E74ED180F61C}"
EndProject
Project("{9A19103F-16F7-4668-BE54-9A1E7A4F7556}") = "CS_Collections", "CS_Collections\CS_Collections.csproj", "{EE4CE980-114E-41E1-84D2-0E95EA501A5E}"
EndProject
Project("{9A19103F-16F7-4668-BE54-9A1E7A4F7556}") = "CS_Geneics_Classes", "CS_Geneics_Classes\CS_Geneics_Classes.csproj", "{FA13C74E-8F04-4A62-8F8A-1CFC81D43999}"
EndProject
Project("{9A19103F-16F7-4668-BE54-9A1E7A4F7556}") = "CS_Dictionary", "CS_Dictionary\CS_Dictionary.csproj", "{8A93D643-9A21-48E5-999D-50D6E011C5B0}"
EndProject
Project("{2150E333-8FDC-42A3-9474-1A3956D46DE8}") = "UsingCollections", "UsingCollections", "{4C7C02BE-9ECF-4E7D-8FFD-969E5C9E9C11}"
EndProject
Project("{2150E333-8FDC-42A3-9474-1A3956D46DE8}") = "Fundamentals", "Fundamentals", "{235A13E5-114B-4F34-9428-27AB20AC89FA}"
EndProject
Project("{9A19103F-16F7-4668-BE54-9A1E7A4F7556}") = "CS_Methods", "CS_Methods\CS_Methods.csproj", "{4BA66FEF-7532-4100-A59F-E779C858B105}"
EndProject
Project("{FAE04EC0-301F-11D3-BF4B-00C04F79EFBC}") = "CS_NetFrwk", "CS_NetFrwk\CS_NetFrwk.csproj", "{389AB591-E989-4D1A-A5F9-2E407FE32955}"
EndProject
Project("{9A19103F-16F7-4668-BE54-9A1E7A4F7556}") = "CS_String_Types", "CS_String_Types\CS_String_Types.csproj", "{4C81E67E-5173-4713-8518-19C69764273A}"
EndProject
Project("{9A19103F-16F7-4668-BE54-9A1E7A4F7556}") = "CS_Ref_Out", "CS_Ref_Out\CS_Ref_Out.csproj", "{9798FAAE-3C3F-4FB8-973E-E9D2218EDB35}"
EndProject
Project("{9A19103F-16F7-4668-BE54-9A1E7A4F7556}") = "CS_Arrays", "CS_Arrays\CS_Arrays.csproj", "{E0EBD2F8-5858-4DB7-A4D9-841B8527D141}"
EndProject
Project("{9A19103F-16F7-4668-BE54-9A1E7A4F7556}") = "CS_StringArray", "CS_StringArray\CS_StringArray.csproj", "{1FA66E1D-A316-49EF-B0C0-8F10E8A9D71B}"
EndProject
Project("{9A19103F-16F7-4668-BE54-9A1E7A4F7556}") = "CS_ArrayList", "CS_ArrayList\CS_ArrayList.csproj", "{BC0D9532-C3AF-49B9-8EF6-7153A0D59DDC}"
EndProject
Project("{9A19103F-16F7-4668-BE54-9A1E7A4F7556}") = "CS_Generic_List", "CS_Generic_List\CS_Generic_List.csproj", "{2D79D9AD-8639-4AD6-9BBA-09C803B473B4}"
EndProject
Project("{2150E333-8FDC-42A3-9474-1A3956D46DE8}") = "OOPs", "OOPs", "{A3360FC9-F7B9-4A16-A536-E7D16D637DA7}"
EndProject
Project("{9A19103F-16F7-4668-BE54-9A1E7A4F7556}") = "CS_Basic_Class", "CS_Basic_Class\CS_Basic_Class.csproj", "{EDF2F24C-3510-4AD4-93DC-CF17B7C8576B}"
EndProject
Project("{9A19103F-16F7-4668-BE54-9A1E7A4F7556}") = "CS_OOPS_Constructor", "CS_OOPS_Constructor\CS_OOPS_Constructor.csproj", "{7CD660D5-6EC6-4D4E-8148-3BF3C608C430}"
EndProject
Project("{9A19103F-16F7-4668-BE54-9A1E7A4F7556}") = "CS_Inheritence", "CS_Inheritence\CS_Inheritence.csproj", "{C9A4EAAC-B5BF-4DFA-9399-2BFC955AB6CF}"
EndProject
Project("{9A19103F-16F7-4668-BE54-9A1E7A4F7556}") = "CS_Abstract_Override", "CS_Abstract_Override\CS_Abstract_Override.csproj", "{A3FEA98A-7750-409E-B37F-10D5CD772CAD}"
EndProject
Project("{9A19103F-16F7-4668-BE54-9A1E7A4F7556}") = "CS_Globals", "CS_Globals\CS_Globals.csproj", "{7053D4AE-5E7A-4EC3-84E5-A41422A1F4CC}"
EndProject
Project("{9A19103F-16F7-4668-BE54-9A1E7A4F7556}") = "CS_UsingStatic", "CS_UsingStatic\CS_UsingStatic.csproj", "{685397AA-75BE-47DF-AA4A-67CBAE72127F}"
EndProject
Project("{9A19103F-16F7-4668-BE54-9A1E7A4F7556}") = "CS_Sealed", "CS_Sealed\CS_Sealed.csproj", "{D7D39853-07B9-4DC7-B276-4AFAC2FC4232}"
EndProject
Project("{9A19103F-16F7-4668-BE54-9A1E7A4F7556}") = "CS_Simple_Interface", "CS_Simple_Interface\CS_Simple_Interface.csproj", "{F7A81852-A714-4ADF-B01D-9C56CDCA161F}"
EndProject
Project("{9A19103F-16F7-4668-BE54-9A1E7A4F7556}") = "CS_Multiple_INterfaces", "CS_Multiple_INterfaces\CS_Multiple_INterfaces.csproj", "{EB48021D-1B99-4A6C-B27E-FC8D4E5FC9BE}"
EndProject
Project("{9A19103F-16F7-4668-BE54-9A1E7A4F7556}") = "CS_Dynamic_Interface", "CS_Dynamic_Interface\CS_Dynamic_Interface.csproj", "{18D5414B-B4F4-49E2-9479-80FAB8D72D8F}"
EndProject
Project("{2150E333-8FDC-42A3-9474-1A3956D46DE8}") = "GenericsDemo", "GenericsDemo", "{F7EDE4A9-5230-4E32-8679-3874E32751BC}"
EndProject
Project("{9A19103F-16F7-4668-BE54-9A1E7A4F7556}") = "CS_Generic", "CS_Generic\CS_Generic.csproj", "{EEDA53BF-05CC-4526-B431-0A378627FCBC}"
EndProject
Project("{9A19103F-16F7-4668-BE54-9A1E7A4F7556}") = "CS_Gen_App", "CS_Gen_App\CS_Gen_App.csproj", "{C3A86ABB-87FC-4687-B6AC-50532D04C8B7}"
EndProject
Project("{9A19103F-16F7-4668-BE54-9A1E7A4F7556}") = "CS_Delegate", "CS_Delegate\CS_Delegate.csproj", "{B0974EC3-5706-406C-925E-4A5069701C91}"
EndProject
Project("{9A19103F-16F7-4668-BE54-9A1E7A4F7556}") = "CS_Events", "CS_Events\CS_Events.csproj", "{70D7DBDE-EE7C-4167-86A1-4DB173D2B66F}"
EndProject
Project("{9A19103F-16F7-4668-BE54-9A1E7A4F7556}") = "CS_ExtensionMethod", "CS_ExtensionMethod\CS_ExtensionMethod.csproj", "{C54E9249-48E6-4C7B-B6F0-CA9193D86CF7}"
EndProject
Project("{9A19103F-16F7-4668-BE54-9A1E7A4F7556}") = "CS_LINQ", "CS_LINQ\CS_LINQ.csproj", "{E28F04C6-9C31-4488-8296-7BD7C4F4F493}"
EndProject
Project("{9A19103F-16F7-4668-BE54-9A1E7A4F7556}") = "CS_New_Interface", "CS_New_Interface\CS_New_Interface.csproj", "{48D7B278-3C05-4E58-914A-A87DCE29CB6E}"
EndProject
Project("{9A19103F-16F7-4668-BE54-9A1E7A4F7556}") = "CS_JOINS", "CS_JOINS\CS_JOINS.csproj", "{D2C1FAE5-2B3D-492F-9265-D811671F63B6}"
EndProject
Project("{2150E333-8FDC-42A3-9474-1A3956D46DE8}") = "LINQDemos", "LINQDemos", "{3D6CFBAB-04F4-4216-91D9-2F2B4FB0E6E3}"
EndProject
Project("{9A19103F-16F7-4668-BE54-9A1E7A4F7556}") = "CS__Join_APp", "CS__Join_APp\CS__Join_APp.csproj", "{BFDF46F4-8D5B-4D00-A8E3-F0E27AF6E0D7}"
EndProject
Project("{9A19103F-16F7-4668-BE54-9A1E7A4F7556}") = "CS_Conditional_Read", "CS_Conditional_Read\CS_Conditional_Read.csproj", "{43BB54C2-DE47-429E-93B8-34005AC48767}"
EndProject
Project("{9A19103F-16F7-4668-BE54-9A1E7A4F7556}") = "CS_DEstructo", "CS_DEstructo\CS_DEstructo.csproj", "{0F162C8C-65F4-483F-9A05-50C32B0A1675}"
EndProject
Project("{FAE04EC0-301F-11D3-BF4B-00C04F79EFBC}") = "CS_Destructor_NetFrwk", "CS_Destructor_NetFrwk\CS_Destructor_NetFrwk.csproj", "{2F328A7F-363B-45BE-AFE1-DE4C35DD1CDB}"
EndProject
Project("{2150E333-8FDC-42A3-9474-1A3956D46DE8}") = "SerializationApp", "SerializationApp", "{F4F6D5F3-CF45-46DB-AC0D-EF39D5E07071}"
EndProject
Project("{9A19103F-16F7-4668-BE54-9A1E7A4F7556}") = "CS_Serialization", "CS_Serialization\CS_Serialization.csproj", "{6ADD785F-9A16-4DC1-8143-EBDBD299DAE6}"
EndProject
Project("{2150E333-8FDC-42A3-9474-1A3956D46DE8}") = "IOs", "IOs", "{46B5FBC9-307E-4064-AB35-FF5B92845108}"
EndProject
Project("{9A19103F-16F7-4668-BE54-9A1E7A4F7556}") = "CS_FirstFile", "CS_FirstFile\CS_FirstFile.csproj", "{A4076BAE-4B45-4886-A27F-A2147648F3FD}"
EndProject
Project("{9A19103F-16F7-4668-BE54-9A1E7A4F7556}") = "CS_Stream", "CS_Stream\CS_Stream.csproj", "{5891863D-C7E7-4D45-9C99-01FD42E7406E}"
EndProject
Project("{2150E333-8FDC-42A3-9474-1A3956D46DE8}") = "libs", "libs", "{FF5FF048-F196-4C5A-889E-B092AEBF2FC6}"
EndProject
Project("{9A19103F-16F7-4668-BE54-9A1E7A4F7556}") = "CS_Utilities", "CS_Utilities\CS_Utilities.csproj", "{771178FD-E158-4973-8A45-B6BE9C01F3D9}"
EndProject
Project("{9A19103F-16F7-4668-BE54-9A1E7A4F7556}") = "CS_Utilizer", "CS_Utilizer\CS_Utilizer.csproj", "{AA80C3AA-EBC7-4486-9926-042560763CD6}"
EndProject
Project("{2150E333-8FDC-42A3-9474-1A3956D46DE8}") = "UseThread", "UseThread", "{EAD11C21-B9C5-4F79-BABC-8B01A34904C6}"
EndProject
Project("{9A19103F-16F7-4668-BE54-9A1E7A4F7556}") = "CS_Monitor", "CS_Monitor\CS_Monitor.csproj", "{0B50B6E6-D0D5-4289-AB5A-F68E713F80BF}"
EndProject
Project("{9A19103F-16F7-4668-BE54-9A1E7A4F7556}") = "CS_MonitorPool", "CS_MonitorPool\CS_MonitorPool.csproj", "{97A12B5C-50DC-44D2-A22A-A9D49DF250DC}"
EndProject
Project("{9A19103F-16F7-4668-BE54-9A1E7A4F7556}") = "CS_Mutex", "CS_Mutex\CS_Mutex.csproj", "{A31D8D9E-725C-413D-889A-BAB44B9DABBD}"
EndProject
Project("{9A19103F-16F7-4668-BE54-9A1E7A4F7556}") = "CS_AccessCollection", "CS_AccessCollection\CS_AccessCollection.csproj", "{84833158-2020-418B-8DA5-3C27E5515973}"
EndProject
Project("{9A19103F-16F7-4668-BE54-9A1E7A4F7556}") = "CS_MultiThreads", "CS_MultiThreads\CS_MultiThreads.csproj", "{44469858-1C55-4E07-87FB-29AEC5357C5F}"
EndProject
Project("{2150E333-8FDC-42A3-9474-1A3956D46DE8}") = "ThreadApps", "ThreadApps", "{42EDB405-306E-448A-BD30-B32496895C9A}"
EndProject
Project("{9A19103F-16F7-4668-BE54-9A1E7A4F7556}") = "CS_Threads_First", "CS_Threads_First\CS_Threads_First.csproj", "{5190A180-E830-46B2-B41A-27AC702DB787}"
EndProject
Project("{9A19103F-16F7-4668-BE54-9A1E7A4F7556}") = "CS_Files", "CS_Files\CS_Files.csproj", "{BF2007A6-0431-4F0B-B684-86948822F5FD}"
EndProject
Project("{9A19103F-16F7-4668-BE54-9A1E7A4F7556}") = "CS_Monitor_Sync", "CS_Monitor_Sync\CS_Monitor_Sync.csproj", "{649C1820-E460-4F6D-AC64-F8F17CEA506E}"
EndProject
Project("{9A19103F-16F7-4668-BE54-9A1E7A4F7556}") = "CS_Thread_Return", "CS_Thread_Return\CS_Thread_Return.csproj", "{6474ECB5-9AF8-4F23-BECA-455E86BC74AE}"
EndProject
Project("{9A19103F-16F7-4668-BE54-9A1E7A4F7556}") = "CS_BAckground_Thread", "CS_BAckground_Thread\CS_BAckground_Thread.csproj", "{9BF48506-2B74-43DB-87CA-1548B288794C}"
EndProject
Project("{9A19103F-16F7-4668-BE54-9A1E7A4F7556}") = "CS_Thread_ReturnData", "CS_Thread_ReturnData\CS_Thread_ReturnData.csproj", "{3FD000EB-280F-47E1-B03A-E4D5EFB35C58}"
EndProject
Project("{2150E333-8FDC-42A3-9474-1A3956D46DE8}") = "TPLAPps", "TPLAPps", "{534B21F1-6552-4CCD-B390-E41523F675FB}"
EndProject
Project("{9A19103F-16F7-4668-BE54-9A1E7A4F7556}") = "CS_Parallel_Invoke", "CS_Parallel_Invoke\CS_Parallel_Invoke.csproj", "{39B6F614-4E88-475A-B268-4A04988FC9E5}"
EndProject
Project("{9A19103F-16F7-4668-BE54-9A1E7A4F7556}") = "CS_Parallel_For", "CS_Parallel_For\CS_Parallel_For.csproj", "{B01C784C-D0E7-4B4C-8A5E-BCBB7B03F787}"
EndProject
Project("{9A19103F-16F7-4668-BE54-9A1E7A4F7556}") = "CS_SimpleTAsk", "CS_SimpleTAsk\CS_SimpleTAsk.csproj", "{6E7190B7-C916-4B2F-8695-9FA424B0364C}"
EndProject
Project("{9A19103F-16F7-4668-BE54-9A1E7A4F7556}") = "CS_Task_Return", "CS_Task_Return\CS_Task_Return.csproj", "{0862A4C7-66F0-4F33-8D87-8F9E9EC9C43C}"
EndProject
Project("{9A19103F-16F7-4668-BE54-9A1E7A4F7556}") = "CS_Task_Continue", "CS_Task_Continue\CS_Task_Continue.csproj", "{740EBA37-5893-495A-90B0-045511BD361D}"
EndProject
Project("{2150E333-8FDC-42A3-9474-1A3956D46DE8}") = "MoteTHreads", "MoteTHreads", "{73EE1B53-C48E-4500-B9DC-96CC77D87692}"
EndProject
Project("{9A19103F-16F7-4668-BE54-9A1E7A4F7556}") = "CS_Collection_Dictionary_Update", "..\samplethread-main\samplethread-main\CS_Collection_Dictionary_Update\CS_Collection_Dictionary_Update.csproj", "{3ED0BC9B-7868-4DC5-861B-B7C27386B04F}"
EndProject
Project("{9A19103F-16F7-4668-BE54-9A1E7A4F7556}") = "CS_Dictionary", "..\samplethread-main\samplethread-main\CS_Dictionary\CS_Dictionary.csproj", "{CCBD31DF-D1BD-46E2-A70F-C06A8766AD42}"
EndProject
Project("{9A19103F-16F7-4668-BE54-9A1E7A4F7556}") = "CS_ConcurrentDictionary_Update", "..\samplethread-main\samplethread-main\CS_Dictionary_Update\CS_ConcurrentDictionary_Update.csproj", "{A9D64D06-2188-4E65-AAB5-84AD489CB5CC}"
EndProject
Project("{9A19103F-16F7-4668-BE54-9A1E7A4F7556}") = "CS_List_Updates", "..\samplethread-main\samplethread-main\CS_List_Updates\CS_List_Updates.csproj", "{3239E3DC-52B9-493E-B709-DC66B6C4973B}"
EndProject
Project("{9A19103F-16F7-4668-BE54-9A1E7A4F7556}") = "CS_TAsk_Exception", "CS_TAsk_Exception\CS_TAsk_Exception.csproj", "{D02B77E0-E8CE-4A2B-9A27-1F68EED59D08}"
EndProject
Project("{9A19103F-16F7-4668-BE54-9A1E7A4F7556}") = "CS_COncurentDIctionary", "CS_COncurentDIctionary\CS_COncurentDIctionary.csproj", "{4FF58EDE-DE6B-48D8-9F09-857CC2135EF9}"
EndProject
Project("{9A19103F-16F7-4668-BE54-9A1E7A4F7556}") = "CS_COncurrentBag", "CS_COncurrentBag\CS_COncurrentBag.csproj", "{01389099-2144-4B90-8B5B-0393EAEB467E}"
EndProject
Project("{9A19103F-16F7-4668-BE54-9A1E7A4F7556}") = "CS_ConcurrentBag_AutoResetEvents", "CS_ConcurrentBag_AutoResetEvents\CS_ConcurrentBag_AutoResetEvents.csproj", "{22AFE077-7E83-4605-A7FA-5FACF347D6CE}"
EndProject
Project("{2150E333-8FDC-42A3-9474-1A3956D46DE8}") = "DataAccessReceipts", "DataAccessReceipts", "{11BFCA1D-6ECB-4446-87E1-D3EF3D6E8BE2}"
	ProjectSection(SolutionItems) = preProject
		LINQ-TO_SQL.txt = LINQ-TO_SQL.txt
	EndProjectSection
EndProject
Project("{9A19103F-16F7-4668-BE54-9A1E7A4F7556}") = "CS_SimleDataAccess", "CS_SimleDataAccess\CS_SimleDataAccess.csproj", "{A449957E-B8CC-4047-A415-3AB2EC4AE521}"
EndProject
Project("{9A19103F-16F7-4668-BE54-9A1E7A4F7556}") = "CS_SPs", "CS_SPs\CS_SPs.csproj", "{3EF09241-A8ED-4AAF-B6F3-5D1A49869010}"
EndProject
Project("{9A19103F-16F7-4668-BE54-9A1E7A4F7556}") = "CS_ADONET_Disconnected", "CS_ADONET_Disconnected\CS_ADONET_Disconnected.csproj", "{1170117F-4809-4746-9C6F-B58A81C9974C}"
EndProject
Project("{FAE04EC0-301F-11D3-BF4B-00C04F79EFBC}") = "CS_LINQ_TO_SQL", "CS_LINQ_TO_SQL\CS_LINQ_TO_SQL.csproj", "{FD001217-A168-4CD5-91A8-F9E0994712BD}"
EndProject
Project("{9A19103F-16F7-4668-BE54-9A1E7A4F7556}") = "CS_Dapper", "CS_Dapper\CS_Dapper.csproj", "{9CFEC9A8-6BC0-4004-B42F-92874B80E6BE}"
EndProject
Project("{2150E333-8FDC-42A3-9474-1A3956D46DE8}") = "EFCoreApps", "EFCoreApps", "{9AC1FAEF-9700-47EB-9E83-908DB10D2BC2}"
	ProjectSection(SolutionItems) = preProject
		EF_Notes.md = EF_Notes.md
	EndProjectSection
EndProject
Project("{9A19103F-16F7-4668-BE54-9A1E7A4F7556}") = "CS_EF_DbFirst", "CS_EF_DbFirst\CS_EF_DbFirst.csproj", "{2D95873E-5E7E-4639-99E0-3B9E8225F63E}"
EndProject
Project("{2150E333-8FDC-42A3-9474-1A3956D46DE8}") = "TPL_Scenarios", "TPL_Scenarios", "{CB20A1B7-12E4-4FC8-BC87-8E2DF070A4C3}"
EndProject
Project("{9A19103F-16F7-4668-BE54-9A1E7A4F7556}") = "Tasks_Files", "Tasks_Files\Tasks_Files.csproj", "{CFB7954B-EB89-484F-B539-9AC43DAB0A8E}"
EndProject
Project("{9A19103F-16F7-4668-BE54-9A1E7A4F7556}") = "CS_EF_CodeFirst", "CS_EF_CodeFirst\CS_EF_CodeFirst.csproj", "{183366C4-F6B1-45DD-8A87-7A0FB68D8E79}"
EndProject
Project("{2150E333-8FDC-42A3-9474-1A3956D46DE8}") = "APIApps", "APIApps", "{DC62202B-6A34-4B2F-BE74-2E49D6735085}"
	ProjectSection(SolutionItems) = preProject
		Apis.md = Apis.md
	EndProjectSection
EndProject
Project("{9A19103F-16F7-4668-BE54-9A1E7A4F7556}") = "APIApps", "APIApps\APIApps.csproj", "{439C8DBD-1057-4711-92C1-B3C264E3F67B}"
EndProject
Project("{9A19103F-16F7-4668-BE54-9A1E7A4F7556}") = "CS_APIConsumer", "CS_APIConsumer\CS_APIConsumer.csproj", "{2221EC19-81A4-4BC7-AE15-73F264C3094A}"
EndProject
Project("{2150E333-8FDC-42A3-9474-1A3956D46DE8}") = "MVCApp", "MVCApp", "{5F55F21D-579C-489D-8BDC-F9A20867CB74}"
EndProject
Project("{9A19103F-16F7-4668-BE54-9A1E7A4F7556}") = "MVC_Apps", "MVC_Apps\MVC_Apps.csproj", "{880FC89D-9D11-4B29-AA86-8AED0DDED3B5}"
EndProject
Project("{9A19103F-16F7-4668-BE54-9A1E7A4F7556}") = "Coditas.EComm.DataAccess", "Coditas.EComm.DataAccess\Coditas.EComm.DataAccess.csproj", "{4E98BA63-9F18-48BB-BC3B-D770CD99B550}"
EndProject
Project("{9A19103F-16F7-4668-BE54-9A1E7A4F7556}") = "Coditas.EComm.Entities", "Coditas.EComm.Entities\Coditas.EComm.Entities.csproj", "{73B6422D-4834-410C-803A-54BFFE2E7448}"
EndProject
Project("{9A19103F-16F7-4668-BE54-9A1E7A4F7556}") = "Coditas.EComm.Repositories", "Coditas.EComm.Repositories\Coditas.EComm.Repositories.csproj", "{A1F1D047-7F10-4788-AD95-0B7C03829295}"
EndProject
Project("{9A19103F-16F7-4668-BE54-9A1E7A4F7556}") = "MVCCore_OAS3Client", "MVCCore_OAS3Client\MVCCore_OAS3Client.csproj", "{E39C687B-E787-43E3-9F14-F804411F6E98}"
EndProject
Project("{9A19103F-16F7-4668-BE54-9A1E7A4F7556}") = "MVC_OAS3_CLient", "MVC_OAS3_CLient\MVC_OAS3_CLient.csproj", "{F7BB5667-563C-4E31-B68B-732D2DBC2E6A}"
EndProject
Project("{9A19103F-16F7-4668-BE54-9A1E7A4F7556}") = "MVC_JSClient", "MVC_JSClient\MVC_JSClient.csproj", "{8405769C-E874-41B3-A8CC-158635EF0C33}"
EndProject
Global
	GlobalSection(SolutionConfigurationPlatforms) = preSolution
		Debug|Any CPU = Debug|Any CPU
		Release|Any CPU = Release|Any CPU
	EndGlobalSection
	GlobalSection(ProjectConfigurationPlatforms) = postSolution
		{A1E1FC6F-AD86-448B-A2CE-1C26C3747039}.Debug|Any CPU.ActiveCfg = Debug|Any CPU
		{A1E1FC6F-AD86-448B-A2CE-1C26C3747039}.Debug|Any CPU.Build.0 = Debug|Any CPU
		{A1E1FC6F-AD86-448B-A2CE-1C26C3747039}.Release|Any CPU.ActiveCfg = Release|Any CPU
		{A1E1FC6F-AD86-448B-A2CE-1C26C3747039}.Release|Any CPU.Build.0 = Release|Any CPU
		{EE4CE980-114E-41E1-84D2-0E95EA501A5E}.Debug|Any CPU.ActiveCfg = Debug|Any CPU
		{EE4CE980-114E-41E1-84D2-0E95EA501A5E}.Debug|Any CPU.Build.0 = Debug|Any CPU
		{EE4CE980-114E-41E1-84D2-0E95EA501A5E}.Release|Any CPU.ActiveCfg = Release|Any CPU
		{EE4CE980-114E-41E1-84D2-0E95EA501A5E}.Release|Any CPU.Build.0 = Release|Any CPU
		{FA13C74E-8F04-4A62-8F8A-1CFC81D43999}.Debug|Any CPU.ActiveCfg = Debug|Any CPU
		{FA13C74E-8F04-4A62-8F8A-1CFC81D43999}.Debug|Any CPU.Build.0 = Debug|Any CPU
		{FA13C74E-8F04-4A62-8F8A-1CFC81D43999}.Release|Any CPU.ActiveCfg = Release|Any CPU
		{FA13C74E-8F04-4A62-8F8A-1CFC81D43999}.Release|Any CPU.Build.0 = Release|Any CPU
		{8A93D643-9A21-48E5-999D-50D6E011C5B0}.Debug|Any CPU.ActiveCfg = Debug|Any CPU
		{8A93D643-9A21-48E5-999D-50D6E011C5B0}.Debug|Any CPU.Build.0 = Debug|Any CPU
		{8A93D643-9A21-48E5-999D-50D6E011C5B0}.Release|Any CPU.ActiveCfg = Release|Any CPU
		{8A93D643-9A21-48E5-999D-50D6E011C5B0}.Release|Any CPU.Build.0 = Release|Any CPU
		{4BA66FEF-7532-4100-A59F-E779C858B105}.Debug|Any CPU.ActiveCfg = Debug|Any CPU
		{4BA66FEF-7532-4100-A59F-E779C858B105}.Debug|Any CPU.Build.0 = Debug|Any CPU
		{4BA66FEF-7532-4100-A59F-E779C858B105}.Release|Any CPU.ActiveCfg = Release|Any CPU
		{4BA66FEF-7532-4100-A59F-E779C858B105}.Release|Any CPU.Build.0 = Release|Any CPU
		{389AB591-E989-4D1A-A5F9-2E407FE32955}.Debug|Any CPU.ActiveCfg = Debug|Any CPU
		{389AB591-E989-4D1A-A5F9-2E407FE32955}.Debug|Any CPU.Build.0 = Debug|Any CPU
		{389AB591-E989-4D1A-A5F9-2E407FE32955}.Release|Any CPU.ActiveCfg = Release|Any CPU
		{389AB591-E989-4D1A-A5F9-2E407FE32955}.Release|Any CPU.Build.0 = Release|Any CPU
		{4C81E67E-5173-4713-8518-19C69764273A}.Debug|Any CPU.ActiveCfg = Debug|Any CPU
		{4C81E67E-5173-4713-8518-19C69764273A}.Debug|Any CPU.Build.0 = Debug|Any CPU
		{4C81E67E-5173-4713-8518-19C69764273A}.Release|Any CPU.ActiveCfg = Release|Any CPU
		{4C81E67E-5173-4713-8518-19C69764273A}.Release|Any CPU.Build.0 = Release|Any CPU
		{9798FAAE-3C3F-4FB8-973E-E9D2218EDB35}.Debug|Any CPU.ActiveCfg = Debug|Any CPU
		{9798FAAE-3C3F-4FB8-973E-E9D2218EDB35}.Debug|Any CPU.Build.0 = Debug|Any CPU
		{9798FAAE-3C3F-4FB8-973E-E9D2218EDB35}.Release|Any CPU.ActiveCfg = Release|Any CPU
		{9798FAAE-3C3F-4FB8-973E-E9D2218EDB35}.Release|Any CPU.Build.0 = Release|Any CPU
		{E0EBD2F8-5858-4DB7-A4D9-841B8527D141}.Debug|Any CPU.ActiveCfg = Debug|Any CPU
		{E0EBD2F8-5858-4DB7-A4D9-841B8527D141}.Debug|Any CPU.Build.0 = Debug|Any CPU
		{E0EBD2F8-5858-4DB7-A4D9-841B8527D141}.Release|Any CPU.ActiveCfg = Release|Any CPU
		{E0EBD2F8-5858-4DB7-A4D9-841B8527D141}.Release|Any CPU.Build.0 = Release|Any CPU
		{1FA66E1D-A316-49EF-B0C0-8F10E8A9D71B}.Debug|Any CPU.ActiveCfg = Debug|Any CPU
		{1FA66E1D-A316-49EF-B0C0-8F10E8A9D71B}.Debug|Any CPU.Build.0 = Debug|Any CPU
		{1FA66E1D-A316-49EF-B0C0-8F10E8A9D71B}.Release|Any CPU.ActiveCfg = Release|Any CPU
		{1FA66E1D-A316-49EF-B0C0-8F10E8A9D71B}.Release|Any CPU.Build.0 = Release|Any CPU
		{BC0D9532-C3AF-49B9-8EF6-7153A0D59DDC}.Debug|Any CPU.ActiveCfg = Debug|Any CPU
		{BC0D9532-C3AF-49B9-8EF6-7153A0D59DDC}.Debug|Any CPU.Build.0 = Debug|Any CPU
		{BC0D9532-C3AF-49B9-8EF6-7153A0D59DDC}.Release|Any CPU.ActiveCfg = Release|Any CPU
		{BC0D9532-C3AF-49B9-8EF6-7153A0D59DDC}.Release|Any CPU.Build.0 = Release|Any CPU
		{2D79D9AD-8639-4AD6-9BBA-09C803B473B4}.Debug|Any CPU.ActiveCfg = Debug|Any CPU
		{2D79D9AD-8639-4AD6-9BBA-09C803B473B4}.Debug|Any CPU.Build.0 = Debug|Any CPU
		{2D79D9AD-8639-4AD6-9BBA-09C803B473B4}.Release|Any CPU.ActiveCfg = Release|Any CPU
		{2D79D9AD-8639-4AD6-9BBA-09C803B473B4}.Release|Any CPU.Build.0 = Release|Any CPU
		{EDF2F24C-3510-4AD4-93DC-CF17B7C8576B}.Debug|Any CPU.ActiveCfg = Debug|Any CPU
		{EDF2F24C-3510-4AD4-93DC-CF17B7C8576B}.Debug|Any CPU.Build.0 = Debug|Any CPU
		{EDF2F24C-3510-4AD4-93DC-CF17B7C8576B}.Release|Any CPU.ActiveCfg = Release|Any CPU
		{EDF2F24C-3510-4AD4-93DC-CF17B7C8576B}.Release|Any CPU.Build.0 = Release|Any CPU
		{7CD660D5-6EC6-4D4E-8148-3BF3C608C430}.Debug|Any CPU.ActiveCfg = Debug|Any CPU
		{7CD660D5-6EC6-4D4E-8148-3BF3C608C430}.Debug|Any CPU.Build.0 = Debug|Any CPU
		{7CD660D5-6EC6-4D4E-8148-3BF3C608C430}.Release|Any CPU.ActiveCfg = Release|Any CPU
		{7CD660D5-6EC6-4D4E-8148-3BF3C608C430}.Release|Any CPU.Build.0 = Release|Any CPU
		{C9A4EAAC-B5BF-4DFA-9399-2BFC955AB6CF}.Debug|Any CPU.ActiveCfg = Debug|Any CPU
		{C9A4EAAC-B5BF-4DFA-9399-2BFC955AB6CF}.Debug|Any CPU.Build.0 = Debug|Any CPU
		{C9A4EAAC-B5BF-4DFA-9399-2BFC955AB6CF}.Release|Any CPU.ActiveCfg = Release|Any CPU
		{C9A4EAAC-B5BF-4DFA-9399-2BFC955AB6CF}.Release|Any CPU.Build.0 = Release|Any CPU
		{A3FEA98A-7750-409E-B37F-10D5CD772CAD}.Debug|Any CPU.ActiveCfg = Debug|Any CPU
		{A3FEA98A-7750-409E-B37F-10D5CD772CAD}.Debug|Any CPU.Build.0 = Debug|Any CPU
		{A3FEA98A-7750-409E-B37F-10D5CD772CAD}.Release|Any CPU.ActiveCfg = Release|Any CPU
		{A3FEA98A-7750-409E-B37F-10D5CD772CAD}.Release|Any CPU.Build.0 = Release|Any CPU
		{7053D4AE-5E7A-4EC3-84E5-A41422A1F4CC}.Debug|Any CPU.ActiveCfg = Debug|Any CPU
		{7053D4AE-5E7A-4EC3-84E5-A41422A1F4CC}.Debug|Any CPU.Build.0 = Debug|Any CPU
		{7053D4AE-5E7A-4EC3-84E5-A41422A1F4CC}.Release|Any CPU.ActiveCfg = Release|Any CPU
		{7053D4AE-5E7A-4EC3-84E5-A41422A1F4CC}.Release|Any CPU.Build.0 = Release|Any CPU
		{685397AA-75BE-47DF-AA4A-67CBAE72127F}.Debug|Any CPU.ActiveCfg = Debug|Any CPU
		{685397AA-75BE-47DF-AA4A-67CBAE72127F}.Debug|Any CPU.Build.0 = Debug|Any CPU
		{685397AA-75BE-47DF-AA4A-67CBAE72127F}.Release|Any CPU.ActiveCfg = Release|Any CPU
		{685397AA-75BE-47DF-AA4A-67CBAE72127F}.Release|Any CPU.Build.0 = Release|Any CPU
		{D7D39853-07B9-4DC7-B276-4AFAC2FC4232}.Debug|Any CPU.ActiveCfg = Debug|Any CPU
		{D7D39853-07B9-4DC7-B276-4AFAC2FC4232}.Debug|Any CPU.Build.0 = Debug|Any CPU
		{D7D39853-07B9-4DC7-B276-4AFAC2FC4232}.Release|Any CPU.ActiveCfg = Release|Any CPU
		{D7D39853-07B9-4DC7-B276-4AFAC2FC4232}.Release|Any CPU.Build.0 = Release|Any CPU
		{F7A81852-A714-4ADF-B01D-9C56CDCA161F}.Debug|Any CPU.ActiveCfg = Debug|Any CPU
		{F7A81852-A714-4ADF-B01D-9C56CDCA161F}.Debug|Any CPU.Build.0 = Debug|Any CPU
		{F7A81852-A714-4ADF-B01D-9C56CDCA161F}.Release|Any CPU.ActiveCfg = Release|Any CPU
		{F7A81852-A714-4ADF-B01D-9C56CDCA161F}.Release|Any CPU.Build.0 = Release|Any CPU
		{EB48021D-1B99-4A6C-B27E-FC8D4E5FC9BE}.Debug|Any CPU.ActiveCfg = Debug|Any CPU
		{EB48021D-1B99-4A6C-B27E-FC8D4E5FC9BE}.Debug|Any CPU.Build.0 = Debug|Any CPU
		{EB48021D-1B99-4A6C-B27E-FC8D4E5FC9BE}.Release|Any CPU.ActiveCfg = Release|Any CPU
		{EB48021D-1B99-4A6C-B27E-FC8D4E5FC9BE}.Release|Any CPU.Build.0 = Release|Any CPU
		{18D5414B-B4F4-49E2-9479-80FAB8D72D8F}.Debug|Any CPU.ActiveCfg = Debug|Any CPU
		{18D5414B-B4F4-49E2-9479-80FAB8D72D8F}.Debug|Any CPU.Build.0 = Debug|Any CPU
		{18D5414B-B4F4-49E2-9479-80FAB8D72D8F}.Release|Any CPU.ActiveCfg = Release|Any CPU
		{18D5414B-B4F4-49E2-9479-80FAB8D72D8F}.Release|Any CPU.Build.0 = Release|Any CPU
		{EEDA53BF-05CC-4526-B431-0A378627FCBC}.Debug|Any CPU.ActiveCfg = Debug|Any CPU
		{EEDA53BF-05CC-4526-B431-0A378627FCBC}.Debug|Any CPU.Build.0 = Debug|Any CPU
		{EEDA53BF-05CC-4526-B431-0A378627FCBC}.Release|Any CPU.ActiveCfg = Release|Any CPU
		{EEDA53BF-05CC-4526-B431-0A378627FCBC}.Release|Any CPU.Build.0 = Release|Any CPU
		{C3A86ABB-87FC-4687-B6AC-50532D04C8B7}.Debug|Any CPU.ActiveCfg = Debug|Any CPU
		{C3A86ABB-87FC-4687-B6AC-50532D04C8B7}.Debug|Any CPU.Build.0 = Debug|Any CPU
		{C3A86ABB-87FC-4687-B6AC-50532D04C8B7}.Release|Any CPU.ActiveCfg = Release|Any CPU
		{C3A86ABB-87FC-4687-B6AC-50532D04C8B7}.Release|Any CPU.Build.0 = Release|Any CPU
		{B0974EC3-5706-406C-925E-4A5069701C91}.Debug|Any CPU.ActiveCfg = Debug|Any CPU
		{B0974EC3-5706-406C-925E-4A5069701C91}.Debug|Any CPU.Build.0 = Debug|Any CPU
		{B0974EC3-5706-406C-925E-4A5069701C91}.Release|Any CPU.ActiveCfg = Release|Any CPU
		{B0974EC3-5706-406C-925E-4A5069701C91}.Release|Any CPU.Build.0 = Release|Any CPU
		{70D7DBDE-EE7C-4167-86A1-4DB173D2B66F}.Debug|Any CPU.ActiveCfg = Debug|Any CPU
		{70D7DBDE-EE7C-4167-86A1-4DB173D2B66F}.Debug|Any CPU.Build.0 = Debug|Any CPU
		{70D7DBDE-EE7C-4167-86A1-4DB173D2B66F}.Release|Any CPU.ActiveCfg = Release|Any CPU
		{70D7DBDE-EE7C-4167-86A1-4DB173D2B66F}.Release|Any CPU.Build.0 = Release|Any CPU
		{C54E9249-48E6-4C7B-B6F0-CA9193D86CF7}.Debug|Any CPU.ActiveCfg = Debug|Any CPU
		{C54E9249-48E6-4C7B-B6F0-CA9193D86CF7}.Debug|Any CPU.Build.0 = Debug|Any CPU
		{C54E9249-48E6-4C7B-B6F0-CA9193D86CF7}.Release|Any CPU.ActiveCfg = Release|Any CPU
		{C54E9249-48E6-4C7B-B6F0-CA9193D86CF7}.Release|Any CPU.Build.0 = Release|Any CPU
		{E28F04C6-9C31-4488-8296-7BD7C4F4F493}.Debug|Any CPU.ActiveCfg = Debug|Any CPU
		{E28F04C6-9C31-4488-8296-7BD7C4F4F493}.Debug|Any CPU.Build.0 = Debug|Any CPU
		{E28F04C6-9C31-4488-8296-7BD7C4F4F493}.Release|Any CPU.ActiveCfg = Release|Any CPU
		{E28F04C6-9C31-4488-8296-7BD7C4F4F493}.Release|Any CPU.Build.0 = Release|Any CPU
		{48D7B278-3C05-4E58-914A-A87DCE29CB6E}.Debug|Any CPU.ActiveCfg = Debug|Any CPU
		{48D7B278-3C05-4E58-914A-A87DCE29CB6E}.Debug|Any CPU.Build.0 = Debug|Any CPU
		{48D7B278-3C05-4E58-914A-A87DCE29CB6E}.Release|Any CPU.ActiveCfg = Release|Any CPU
		{48D7B278-3C05-4E58-914A-A87DCE29CB6E}.Release|Any CPU.Build.0 = Release|Any CPU
		{D2C1FAE5-2B3D-492F-9265-D811671F63B6}.Debug|Any CPU.ActiveCfg = Debug|Any CPU
		{D2C1FAE5-2B3D-492F-9265-D811671F63B6}.Debug|Any CPU.Build.0 = Debug|Any CPU
		{D2C1FAE5-2B3D-492F-9265-D811671F63B6}.Release|Any CPU.ActiveCfg = Release|Any CPU
		{D2C1FAE5-2B3D-492F-9265-D811671F63B6}.Release|Any CPU.Build.0 = Release|Any CPU
		{BFDF46F4-8D5B-4D00-A8E3-F0E27AF6E0D7}.Debug|Any CPU.ActiveCfg = Debug|Any CPU
		{BFDF46F4-8D5B-4D00-A8E3-F0E27AF6E0D7}.Debug|Any CPU.Build.0 = Debug|Any CPU
		{BFDF46F4-8D5B-4D00-A8E3-F0E27AF6E0D7}.Release|Any CPU.ActiveCfg = Release|Any CPU
		{BFDF46F4-8D5B-4D00-A8E3-F0E27AF6E0D7}.Release|Any CPU.Build.0 = Release|Any CPU
		{43BB54C2-DE47-429E-93B8-34005AC48767}.Debug|Any CPU.ActiveCfg = Debug|Any CPU
		{43BB54C2-DE47-429E-93B8-34005AC48767}.Debug|Any CPU.Build.0 = Debug|Any CPU
		{43BB54C2-DE47-429E-93B8-34005AC48767}.Release|Any CPU.ActiveCfg = Release|Any CPU
		{43BB54C2-DE47-429E-93B8-34005AC48767}.Release|Any CPU.Build.0 = Release|Any CPU
		{0F162C8C-65F4-483F-9A05-50C32B0A1675}.Debug|Any CPU.ActiveCfg = Debug|Any CPU
		{0F162C8C-65F4-483F-9A05-50C32B0A1675}.Debug|Any CPU.Build.0 = Debug|Any CPU
		{0F162C8C-65F4-483F-9A05-50C32B0A1675}.Release|Any CPU.ActiveCfg = Release|Any CPU
		{0F162C8C-65F4-483F-9A05-50C32B0A1675}.Release|Any CPU.Build.0 = Release|Any CPU
		{2F328A7F-363B-45BE-AFE1-DE4C35DD1CDB}.Debug|Any CPU.ActiveCfg = Debug|Any CPU
		{2F328A7F-363B-45BE-AFE1-DE4C35DD1CDB}.Debug|Any CPU.Build.0 = Debug|Any CPU
		{2F328A7F-363B-45BE-AFE1-DE4C35DD1CDB}.Release|Any CPU.ActiveCfg = Release|Any CPU
		{2F328A7F-363B-45BE-AFE1-DE4C35DD1CDB}.Release|Any CPU.Build.0 = Release|Any CPU
		{6ADD785F-9A16-4DC1-8143-EBDBD299DAE6}.Debug|Any CPU.ActiveCfg = Debug|Any CPU
		{6ADD785F-9A16-4DC1-8143-EBDBD299DAE6}.Debug|Any CPU.Build.0 = Debug|Any CPU
		{6ADD785F-9A16-4DC1-8143-EBDBD299DAE6}.Release|Any CPU.ActiveCfg = Release|Any CPU
		{6ADD785F-9A16-4DC1-8143-EBDBD299DAE6}.Release|Any CPU.Build.0 = Release|Any CPU
		{A4076BAE-4B45-4886-A27F-A2147648F3FD}.Debug|Any CPU.ActiveCfg = Debug|Any CPU
		{A4076BAE-4B45-4886-A27F-A2147648F3FD}.Debug|Any CPU.Build.0 = Debug|Any CPU
		{A4076BAE-4B45-4886-A27F-A2147648F3FD}.Release|Any CPU.ActiveCfg = Release|Any CPU
		{A4076BAE-4B45-4886-A27F-A2147648F3FD}.Release|Any CPU.Build.0 = Release|Any CPU
		{5891863D-C7E7-4D45-9C99-01FD42E7406E}.Debug|Any CPU.ActiveCfg = Debug|Any CPU
		{5891863D-C7E7-4D45-9C99-01FD42E7406E}.Debug|Any CPU.Build.0 = Debug|Any CPU
		{5891863D-C7E7-4D45-9C99-01FD42E7406E}.Release|Any CPU.ActiveCfg = Release|Any CPU
		{5891863D-C7E7-4D45-9C99-01FD42E7406E}.Release|Any CPU.Build.0 = Release|Any CPU
		{771178FD-E158-4973-8A45-B6BE9C01F3D9}.Debug|Any CPU.ActiveCfg = Debug|Any CPU
		{771178FD-E158-4973-8A45-B6BE9C01F3D9}.Debug|Any CPU.Build.0 = Debug|Any CPU
		{771178FD-E158-4973-8A45-B6BE9C01F3D9}.Release|Any CPU.ActiveCfg = Release|Any CPU
		{771178FD-E158-4973-8A45-B6BE9C01F3D9}.Release|Any CPU.Build.0 = Release|Any CPU
		{AA80C3AA-EBC7-4486-9926-042560763CD6}.Debug|Any CPU.ActiveCfg = Debug|Any CPU
		{AA80C3AA-EBC7-4486-9926-042560763CD6}.Debug|Any CPU.Build.0 = Debug|Any CPU
		{AA80C3AA-EBC7-4486-9926-042560763CD6}.Release|Any CPU.ActiveCfg = Release|Any CPU
		{AA80C3AA-EBC7-4486-9926-042560763CD6}.Release|Any CPU.Build.0 = Release|Any CPU
		{0B50B6E6-D0D5-4289-AB5A-F68E713F80BF}.Debug|Any CPU.ActiveCfg = Debug|Any CPU
		{0B50B6E6-D0D5-4289-AB5A-F68E713F80BF}.Debug|Any CPU.Build.0 = Debug|Any CPU
		{0B50B6E6-D0D5-4289-AB5A-F68E713F80BF}.Release|Any CPU.ActiveCfg = Release|Any CPU
		{0B50B6E6-D0D5-4289-AB5A-F68E713F80BF}.Release|Any CPU.Build.0 = Release|Any CPU
		{97A12B5C-50DC-44D2-A22A-A9D49DF250DC}.Debug|Any CPU.ActiveCfg = Debug|Any CPU
		{97A12B5C-50DC-44D2-A22A-A9D49DF250DC}.Debug|Any CPU.Build.0 = Debug|Any CPU
		{97A12B5C-50DC-44D2-A22A-A9D49DF250DC}.Release|Any CPU.ActiveCfg = Release|Any CPU
		{97A12B5C-50DC-44D2-A22A-A9D49DF250DC}.Release|Any CPU.Build.0 = Release|Any CPU
		{A31D8D9E-725C-413D-889A-BAB44B9DABBD}.Debug|Any CPU.ActiveCfg = Debug|Any CPU
		{A31D8D9E-725C-413D-889A-BAB44B9DABBD}.Debug|Any CPU.Build.0 = Debug|Any CPU
		{A31D8D9E-725C-413D-889A-BAB44B9DABBD}.Release|Any CPU.ActiveCfg = Release|Any CPU
		{A31D8D9E-725C-413D-889A-BAB44B9DABBD}.Release|Any CPU.Build.0 = Release|Any CPU
		{84833158-2020-418B-8DA5-3C27E5515973}.Debug|Any CPU.ActiveCfg = Debug|Any CPU
		{84833158-2020-418B-8DA5-3C27E5515973}.Debug|Any CPU.Build.0 = Debug|Any CPU
		{84833158-2020-418B-8DA5-3C27E5515973}.Release|Any CPU.ActiveCfg = Release|Any CPU
		{84833158-2020-418B-8DA5-3C27E5515973}.Release|Any CPU.Build.0 = Release|Any CPU
		{44469858-1C55-4E07-87FB-29AEC5357C5F}.Debug|Any CPU.ActiveCfg = Debug|Any CPU
		{44469858-1C55-4E07-87FB-29AEC5357C5F}.Debug|Any CPU.Build.0 = Debug|Any CPU
		{44469858-1C55-4E07-87FB-29AEC5357C5F}.Release|Any CPU.ActiveCfg = Release|Any CPU
		{44469858-1C55-4E07-87FB-29AEC5357C5F}.Release|Any CPU.Build.0 = Release|Any CPU
		{5190A180-E830-46B2-B41A-27AC702DB787}.Debug|Any CPU.ActiveCfg = Debug|Any CPU
		{5190A180-E830-46B2-B41A-27AC702DB787}.Debug|Any CPU.Build.0 = Debug|Any CPU
		{5190A180-E830-46B2-B41A-27AC702DB787}.Release|Any CPU.ActiveCfg = Release|Any CPU
		{5190A180-E830-46B2-B41A-27AC702DB787}.Release|Any CPU.Build.0 = Release|Any CPU
		{BF2007A6-0431-4F0B-B684-86948822F5FD}.Debug|Any CPU.ActiveCfg = Debug|Any CPU
		{BF2007A6-0431-4F0B-B684-86948822F5FD}.Debug|Any CPU.Build.0 = Debug|Any CPU
		{BF2007A6-0431-4F0B-B684-86948822F5FD}.Release|Any CPU.ActiveCfg = Release|Any CPU
		{BF2007A6-0431-4F0B-B684-86948822F5FD}.Release|Any CPU.Build.0 = Release|Any CPU
		{649C1820-E460-4F6D-AC64-F8F17CEA506E}.Debug|Any CPU.ActiveCfg = Debug|Any CPU
		{649C1820-E460-4F6D-AC64-F8F17CEA506E}.Debug|Any CPU.Build.0 = Debug|Any CPU
		{649C1820-E460-4F6D-AC64-F8F17CEA506E}.Release|Any CPU.ActiveCfg = Release|Any CPU
		{649C1820-E460-4F6D-AC64-F8F17CEA506E}.Release|Any CPU.Build.0 = Release|Any CPU
		{6474ECB5-9AF8-4F23-BECA-455E86BC74AE}.Debug|Any CPU.ActiveCfg = Debug|Any CPU
		{6474ECB5-9AF8-4F23-BECA-455E86BC74AE}.Debug|Any CPU.Build.0 = Debug|Any CPU
		{6474ECB5-9AF8-4F23-BECA-455E86BC74AE}.Release|Any CPU.ActiveCfg = Release|Any CPU
		{6474ECB5-9AF8-4F23-BECA-455E86BC74AE}.Release|Any CPU.Build.0 = Release|Any CPU
		{9BF48506-2B74-43DB-87CA-1548B288794C}.Debug|Any CPU.ActiveCfg = Debug|Any CPU
		{9BF48506-2B74-43DB-87CA-1548B288794C}.Debug|Any CPU.Build.0 = Debug|Any CPU
		{9BF48506-2B74-43DB-87CA-1548B288794C}.Release|Any CPU.ActiveCfg = Release|Any CPU
		{9BF48506-2B74-43DB-87CA-1548B288794C}.Release|Any CPU.Build.0 = Release|Any CPU
		{3FD000EB-280F-47E1-B03A-E4D5EFB35C58}.Debug|Any CPU.ActiveCfg = Debug|Any CPU
		{3FD000EB-280F-47E1-B03A-E4D5EFB35C58}.Debug|Any CPU.Build.0 = Debug|Any CPU
		{3FD000EB-280F-47E1-B03A-E4D5EFB35C58}.Release|Any CPU.ActiveCfg = Release|Any CPU
		{3FD000EB-280F-47E1-B03A-E4D5EFB35C58}.Release|Any CPU.Build.0 = Release|Any CPU
		{39B6F614-4E88-475A-B268-4A04988FC9E5}.Debug|Any CPU.ActiveCfg = Debug|Any CPU
		{39B6F614-4E88-475A-B268-4A04988FC9E5}.Debug|Any CPU.Build.0 = Debug|Any CPU
		{39B6F614-4E88-475A-B268-4A04988FC9E5}.Release|Any CPU.ActiveCfg = Release|Any CPU
		{39B6F614-4E88-475A-B268-4A04988FC9E5}.Release|Any CPU.Build.0 = Release|Any CPU
		{B01C784C-D0E7-4B4C-8A5E-BCBB7B03F787}.Debug|Any CPU.ActiveCfg = Debug|Any CPU
		{B01C784C-D0E7-4B4C-8A5E-BCBB7B03F787}.Debug|Any CPU.Build.0 = Debug|Any CPU
		{B01C784C-D0E7-4B4C-8A5E-BCBB7B03F787}.Release|Any CPU.ActiveCfg = Release|Any CPU
		{B01C784C-D0E7-4B4C-8A5E-BCBB7B03F787}.Release|Any CPU.Build.0 = Release|Any CPU
		{6E7190B7-C916-4B2F-8695-9FA424B0364C}.Debug|Any CPU.ActiveCfg = Debug|Any CPU
		{6E7190B7-C916-4B2F-8695-9FA424B0364C}.Debug|Any CPU.Build.0 = Debug|Any CPU
		{6E7190B7-C916-4B2F-8695-9FA424B0364C}.Release|Any CPU.ActiveCfg = Release|Any CPU
		{6E7190B7-C916-4B2F-8695-9FA424B0364C}.Release|Any CPU.Build.0 = Release|Any CPU
		{0862A4C7-66F0-4F33-8D87-8F9E9EC9C43C}.Debug|Any CPU.ActiveCfg = Debug|Any CPU
		{0862A4C7-66F0-4F33-8D87-8F9E9EC9C43C}.Debug|Any CPU.Build.0 = Debug|Any CPU
		{0862A4C7-66F0-4F33-8D87-8F9E9EC9C43C}.Release|Any CPU.ActiveCfg = Release|Any CPU
		{0862A4C7-66F0-4F33-8D87-8F9E9EC9C43C}.Release|Any CPU.Build.0 = Release|Any CPU
		{740EBA37-5893-495A-90B0-045511BD361D}.Debug|Any CPU.ActiveCfg = Debug|Any CPU
		{740EBA37-5893-495A-90B0-045511BD361D}.Debug|Any CPU.Build.0 = Debug|Any CPU
		{740EBA37-5893-495A-90B0-045511BD361D}.Release|Any CPU.ActiveCfg = Release|Any CPU
		{740EBA37-5893-495A-90B0-045511BD361D}.Release|Any CPU.Build.0 = Release|Any CPU
		{3ED0BC9B-7868-4DC5-861B-B7C27386B04F}.Debug|Any CPU.ActiveCfg = Debug|Any CPU
		{3ED0BC9B-7868-4DC5-861B-B7C27386B04F}.Debug|Any CPU.Build.0 = Debug|Any CPU
		{3ED0BC9B-7868-4DC5-861B-B7C27386B04F}.Release|Any CPU.ActiveCfg = Release|Any CPU
		{3ED0BC9B-7868-4DC5-861B-B7C27386B04F}.Release|Any CPU.Build.0 = Release|Any CPU
		{CCBD31DF-D1BD-46E2-A70F-C06A8766AD42}.Debug|Any CPU.ActiveCfg = Debug|Any CPU
		{CCBD31DF-D1BD-46E2-A70F-C06A8766AD42}.Debug|Any CPU.Build.0 = Debug|Any CPU
		{CCBD31DF-D1BD-46E2-A70F-C06A8766AD42}.Release|Any CPU.ActiveCfg = Release|Any CPU
		{CCBD31DF-D1BD-46E2-A70F-C06A8766AD42}.Release|Any CPU.Build.0 = Release|Any CPU
		{A9D64D06-2188-4E65-AAB5-84AD489CB5CC}.Debug|Any CPU.ActiveCfg = Debug|Any CPU
		{A9D64D06-2188-4E65-AAB5-84AD489CB5CC}.Debug|Any CPU.Build.0 = Debug|Any CPU
		{A9D64D06-2188-4E65-AAB5-84AD489CB5CC}.Release|Any CPU.ActiveCfg = Release|Any CPU
		{A9D64D06-2188-4E65-AAB5-84AD489CB5CC}.Release|Any CPU.Build.0 = Release|Any CPU
		{3239E3DC-52B9-493E-B709-DC66B6C4973B}.Debug|Any CPU.ActiveCfg = Debug|Any CPU
		{3239E3DC-52B9-493E-B709-DC66B6C4973B}.Debug|Any CPU.Build.0 = Debug|Any CPU
		{3239E3DC-52B9-493E-B709-DC66B6C4973B}.Release|Any CPU.ActiveCfg = Release|Any CPU
		{3239E3DC-52B9-493E-B709-DC66B6C4973B}.Release|Any CPU.Build.0 = Release|Any CPU
		{D02B77E0-E8CE-4A2B-9A27-1F68EED59D08}.Debug|Any CPU.ActiveCfg = Debug|Any CPU
		{D02B77E0-E8CE-4A2B-9A27-1F68EED59D08}.Debug|Any CPU.Build.0 = Debug|Any CPU
		{D02B77E0-E8CE-4A2B-9A27-1F68EED59D08}.Release|Any CPU.ActiveCfg = Release|Any CPU
		{D02B77E0-E8CE-4A2B-9A27-1F68EED59D08}.Release|Any CPU.Build.0 = Release|Any CPU
		{4FF58EDE-DE6B-48D8-9F09-857CC2135EF9}.Debug|Any CPU.ActiveCfg = Debug|Any CPU
		{4FF58EDE-DE6B-48D8-9F09-857CC2135EF9}.Debug|Any CPU.Build.0 = Debug|Any CPU
		{4FF58EDE-DE6B-48D8-9F09-857CC2135EF9}.Release|Any CPU.ActiveCfg = Release|Any CPU
		{4FF58EDE-DE6B-48D8-9F09-857CC2135EF9}.Release|Any CPU.Build.0 = Release|Any CPU
		{01389099-2144-4B90-8B5B-0393EAEB467E}.Debug|Any CPU.ActiveCfg = Debug|Any CPU
		{01389099-2144-4B90-8B5B-0393EAEB467E}.Debug|Any CPU.Build.0 = Debug|Any CPU
		{01389099-2144-4B90-8B5B-0393EAEB467E}.Release|Any CPU.ActiveCfg = Release|Any CPU
		{01389099-2144-4B90-8B5B-0393EAEB467E}.Release|Any CPU.Build.0 = Release|Any CPU
		{22AFE077-7E83-4605-A7FA-5FACF347D6CE}.Debug|Any CPU.ActiveCfg = Debug|Any CPU
		{22AFE077-7E83-4605-A7FA-5FACF347D6CE}.Debug|Any CPU.Build.0 = Debug|Any CPU
		{22AFE077-7E83-4605-A7FA-5FACF347D6CE}.Release|Any CPU.ActiveCfg = Release|Any CPU
		{22AFE077-7E83-4605-A7FA-5FACF347D6CE}.Release|Any CPU.Build.0 = Release|Any CPU
		{A449957E-B8CC-4047-A415-3AB2EC4AE521}.Debug|Any CPU.ActiveCfg = Debug|Any CPU
		{A449957E-B8CC-4047-A415-3AB2EC4AE521}.Debug|Any CPU.Build.0 = Debug|Any CPU
		{A449957E-B8CC-4047-A415-3AB2EC4AE521}.Release|Any CPU.ActiveCfg = Release|Any CPU
		{A449957E-B8CC-4047-A415-3AB2EC4AE521}.Release|Any CPU.Build.0 = Release|Any CPU
		{3EF09241-A8ED-4AAF-B6F3-5D1A49869010}.Debug|Any CPU.ActiveCfg = Debug|Any CPU
		{3EF09241-A8ED-4AAF-B6F3-5D1A49869010}.Debug|Any CPU.Build.0 = Debug|Any CPU
		{3EF09241-A8ED-4AAF-B6F3-5D1A49869010}.Release|Any CPU.ActiveCfg = Release|Any CPU
		{3EF09241-A8ED-4AAF-B6F3-5D1A49869010}.Release|Any CPU.Build.0 = Release|Any CPU
		{1170117F-4809-4746-9C6F-B58A81C9974C}.Debug|Any CPU.ActiveCfg = Debug|Any CPU
		{1170117F-4809-4746-9C6F-B58A81C9974C}.Debug|Any CPU.Build.0 = Debug|Any CPU
		{1170117F-4809-4746-9C6F-B58A81C9974C}.Release|Any CPU.ActiveCfg = Release|Any CPU
		{1170117F-4809-4746-9C6F-B58A81C9974C}.Release|Any CPU.Build.0 = Release|Any CPU
		{FD001217-A168-4CD5-91A8-F9E0994712BD}.Debug|Any CPU.ActiveCfg = Debug|Any CPU
		{FD001217-A168-4CD5-91A8-F9E0994712BD}.Debug|Any CPU.Build.0 = Debug|Any CPU
		{FD001217-A168-4CD5-91A8-F9E0994712BD}.Release|Any CPU.ActiveCfg = Release|Any CPU
		{FD001217-A168-4CD5-91A8-F9E0994712BD}.Release|Any CPU.Build.0 = Release|Any CPU
		{9CFEC9A8-6BC0-4004-B42F-92874B80E6BE}.Debug|Any CPU.ActiveCfg = Debug|Any CPU
		{9CFEC9A8-6BC0-4004-B42F-92874B80E6BE}.Debug|Any CPU.Build.0 = Debug|Any CPU
		{9CFEC9A8-6BC0-4004-B42F-92874B80E6BE}.Release|Any CPU.ActiveCfg = Release|Any CPU
		{9CFEC9A8-6BC0-4004-B42F-92874B80E6BE}.Release|Any CPU.Build.0 = Release|Any CPU
		{2D95873E-5E7E-4639-99E0-3B9E8225F63E}.Debug|Any CPU.ActiveCfg = Debug|Any CPU
		{2D95873E-5E7E-4639-99E0-3B9E8225F63E}.Debug|Any CPU.Build.0 = Debug|Any CPU
		{2D95873E-5E7E-4639-99E0-3B9E8225F63E}.Release|Any CPU.ActiveCfg = Release|Any CPU
		{2D95873E-5E7E-4639-99E0-3B9E8225F63E}.Release|Any CPU.Build.0 = Release|Any CPU
		{CFB7954B-EB89-484F-B539-9AC43DAB0A8E}.Debug|Any CPU.ActiveCfg = Debug|Any CPU
		{CFB7954B-EB89-484F-B539-9AC43DAB0A8E}.Debug|Any CPU.Build.0 = Debug|Any CPU
		{CFB7954B-EB89-484F-B539-9AC43DAB0A8E}.Release|Any CPU.ActiveCfg = Release|Any CPU
		{CFB7954B-EB89-484F-B539-9AC43DAB0A8E}.Release|Any CPU.Build.0 = Release|Any CPU
		{183366C4-F6B1-45DD-8A87-7A0FB68D8E79}.Debug|Any CPU.ActiveCfg = Debug|Any CPU
		{183366C4-F6B1-45DD-8A87-7A0FB68D8E79}.Debug|Any CPU.Build.0 = Debug|Any CPU
		{183366C4-F6B1-45DD-8A87-7A0FB68D8E79}.Release|Any CPU.ActiveCfg = Release|Any CPU
		{183366C4-F6B1-45DD-8A87-7A0FB68D8E79}.Release|Any CPU.Build.0 = Release|Any CPU
		{439C8DBD-1057-4711-92C1-B3C264E3F67B}.Debug|Any CPU.ActiveCfg = Debug|Any CPU
		{439C8DBD-1057-4711-92C1-B3C264E3F67B}.Debug|Any CPU.Build.0 = Debug|Any CPU
		{439C8DBD-1057-4711-92C1-B3C264E3F67B}.Release|Any CPU.ActiveCfg = Release|Any CPU
		{439C8DBD-1057-4711-92C1-B3C264E3F67B}.Release|Any CPU.Build.0 = Release|Any CPU
		{2221EC19-81A4-4BC7-AE15-73F264C3094A}.Debug|Any CPU.ActiveCfg = Debug|Any CPU
		{2221EC19-81A4-4BC7-AE15-73F264C3094A}.Debug|Any CPU.Build.0 = Debug|Any CPU
		{2221EC19-81A4-4BC7-AE15-73F264C3094A}.Release|Any CPU.ActiveCfg = Release|Any CPU
		{2221EC19-81A4-4BC7-AE15-73F264C3094A}.Release|Any CPU.Build.0 = Release|Any CPU
		{880FC89D-9D11-4B29-AA86-8AED0DDED3B5}.Debug|Any CPU.ActiveCfg = Debug|Any CPU
		{880FC89D-9D11-4B29-AA86-8AED0DDED3B5}.Debug|Any CPU.Build.0 = Debug|Any CPU
		{880FC89D-9D11-4B29-AA86-8AED0DDED3B5}.Release|Any CPU.ActiveCfg = Release|Any CPU
		{880FC89D-9D11-4B29-AA86-8AED0DDED3B5}.Release|Any CPU.Build.0 = Release|Any CPU
		{4E98BA63-9F18-48BB-BC3B-D770CD99B550}.Debug|Any CPU.ActiveCfg = Debug|Any CPU
		{4E98BA63-9F18-48BB-BC3B-D770CD99B550}.Debug|Any CPU.Build.0 = Debug|Any CPU
		{4E98BA63-9F18-48BB-BC3B-D770CD99B550}.Release|Any CPU.ActiveCfg = Release|Any CPU
		{4E98BA63-9F18-48BB-BC3B-D770CD99B550}.Release|Any CPU.Build.0 = Release|Any CPU
		{73B6422D-4834-410C-803A-54BFFE2E7448}.Debug|Any CPU.ActiveCfg = Debug|Any CPU
		{73B6422D-4834-410C-803A-54BFFE2E7448}.Debug|Any CPU.Build.0 = Debug|Any CPU
		{73B6422D-4834-410C-803A-54BFFE2E7448}.Release|Any CPU.ActiveCfg = Release|Any CPU
		{73B6422D-4834-410C-803A-54BFFE2E7448}.Release|Any CPU.Build.0 = Release|Any CPU
		{A1F1D047-7F10-4788-AD95-0B7C03829295}.Debug|Any CPU.ActiveCfg = Debug|Any CPU
		{A1F1D047-7F10-4788-AD95-0B7C03829295}.Debug|Any CPU.Build.0 = Debug|Any CPU
		{A1F1D047-7F10-4788-AD95-0B7C03829295}.Release|Any CPU.ActiveCfg = Release|Any CPU
		{A1F1D047-7F10-4788-AD95-0B7C03829295}.Release|Any CPU.Build.0 = Release|Any CPU
		{E39C687B-E787-43E3-9F14-F804411F6E98}.Debug|Any CPU.ActiveCfg = Debug|Any CPU
		{E39C687B-E787-43E3-9F14-F804411F6E98}.Debug|Any CPU.Build.0 = Debug|Any CPU
		{E39C687B-E787-43E3-9F14-F804411F6E98}.Release|Any CPU.ActiveCfg = Release|Any CPU
		{E39C687B-E787-43E3-9F14-F804411F6E98}.Release|Any CPU.Build.0 = Release|Any CPU
		{F7BB5667-563C-4E31-B68B-732D2DBC2E6A}.Debug|Any CPU.ActiveCfg = Debug|Any CPU
		{F7BB5667-563C-4E31-B68B-732D2DBC2E6A}.Debug|Any CPU.Build.0 = Debug|Any CPU
		{F7BB5667-563C-4E31-B68B-732D2DBC2E6A}.Release|Any CPU.ActiveCfg = Release|Any CPU
		{F7BB5667-563C-4E31-B68B-732D2DBC2E6A}.Release|Any CPU.Build.0 = Release|Any CPU
		{8405769C-E874-41B3-A8CC-158635EF0C33}.Debug|Any CPU.ActiveCfg = Debug|Any CPU
		{8405769C-E874-41B3-A8CC-158635EF0C33}.Debug|Any CPU.Build.0 = Debug|Any CPU
		{8405769C-E874-41B3-A8CC-158635EF0C33}.Release|Any CPU.ActiveCfg = Release|Any CPU
		{8405769C-E874-41B3-A8CC-158635EF0C33}.Release|Any CPU.Build.0 = Release|Any CPU
	EndGlobalSection
	GlobalSection(SolutionProperties) = preSolution
		HideSolutionNode = FALSE
	EndGlobalSection
	GlobalSection(NestedProjects) = preSolution
		{EE4CE980-114E-41E1-84D2-0E95EA501A5E} = {59A125F6-75DD-4C91-A17D-E74ED180F61C}
		{FA13C74E-8F04-4A62-8F8A-1CFC81D43999} = {59A125F6-75DD-4C91-A17D-E74ED180F61C}
		{8A93D643-9A21-48E5-999D-50D6E011C5B0} = {59A125F6-75DD-4C91-A17D-E74ED180F61C}
		{4BA66FEF-7532-4100-A59F-E779C858B105} = {235A13E5-114B-4F34-9428-27AB20AC89FA}
		{389AB591-E989-4D1A-A5F9-2E407FE32955} = {235A13E5-114B-4F34-9428-27AB20AC89FA}
		{4C81E67E-5173-4713-8518-19C69764273A} = {235A13E5-114B-4F34-9428-27AB20AC89FA}
		{9798FAAE-3C3F-4FB8-973E-E9D2218EDB35} = {235A13E5-114B-4F34-9428-27AB20AC89FA}
		{E0EBD2F8-5858-4DB7-A4D9-841B8527D141} = {59A125F6-75DD-4C91-A17D-E74ED180F61C}
		{1FA66E1D-A316-49EF-B0C0-8F10E8A9D71B} = {59A125F6-75DD-4C91-A17D-E74ED180F61C}
		{BC0D9532-C3AF-49B9-8EF6-7153A0D59DDC} = {59A125F6-75DD-4C91-A17D-E74ED180F61C}
		{2D79D9AD-8639-4AD6-9BBA-09C803B473B4} = {59A125F6-75DD-4C91-A17D-E74ED180F61C}
		{EDF2F24C-3510-4AD4-93DC-CF17B7C8576B} = {A3360FC9-F7B9-4A16-A536-E7D16D637DA7}
		{7CD660D5-6EC6-4D4E-8148-3BF3C608C430} = {A3360FC9-F7B9-4A16-A536-E7D16D637DA7}
		{C9A4EAAC-B5BF-4DFA-9399-2BFC955AB6CF} = {A3360FC9-F7B9-4A16-A536-E7D16D637DA7}
		{A3FEA98A-7750-409E-B37F-10D5CD772CAD} = {A3360FC9-F7B9-4A16-A536-E7D16D637DA7}
		{7053D4AE-5E7A-4EC3-84E5-A41422A1F4CC} = {A3360FC9-F7B9-4A16-A536-E7D16D637DA7}
		{685397AA-75BE-47DF-AA4A-67CBAE72127F} = {A3360FC9-F7B9-4A16-A536-E7D16D637DA7}
		{D7D39853-07B9-4DC7-B276-4AFAC2FC4232} = {A3360FC9-F7B9-4A16-A536-E7D16D637DA7}
		{F7A81852-A714-4ADF-B01D-9C56CDCA161F} = {A3360FC9-F7B9-4A16-A536-E7D16D637DA7}
		{EB48021D-1B99-4A6C-B27E-FC8D4E5FC9BE} = {A3360FC9-F7B9-4A16-A536-E7D16D637DA7}
		{18D5414B-B4F4-49E2-9479-80FAB8D72D8F} = {A3360FC9-F7B9-4A16-A536-E7D16D637DA7}
		{EEDA53BF-05CC-4526-B431-0A378627FCBC} = {F7EDE4A9-5230-4E32-8679-3874E32751BC}
		{C3A86ABB-87FC-4687-B6AC-50532D04C8B7} = {F7EDE4A9-5230-4E32-8679-3874E32751BC}
		{B0974EC3-5706-406C-925E-4A5069701C91} = {235A13E5-114B-4F34-9428-27AB20AC89FA}
		{70D7DBDE-EE7C-4167-86A1-4DB173D2B66F} = {235A13E5-114B-4F34-9428-27AB20AC89FA}
		{C54E9249-48E6-4C7B-B6F0-CA9193D86CF7} = {235A13E5-114B-4F34-9428-27AB20AC89FA}
		{48D7B278-3C05-4E58-914A-A87DCE29CB6E} = {A3360FC9-F7B9-4A16-A536-E7D16D637DA7}
		{D2C1FAE5-2B3D-492F-9265-D811671F63B6} = {235A13E5-114B-4F34-9428-27AB20AC89FA}
		{BFDF46F4-8D5B-4D00-A8E3-F0E27AF6E0D7} = {3D6CFBAB-04F4-4216-91D9-2F2B4FB0E6E3}
		{43BB54C2-DE47-429E-93B8-34005AC48767} = {3D6CFBAB-04F4-4216-91D9-2F2B4FB0E6E3}
		{0F162C8C-65F4-483F-9A05-50C32B0A1675} = {A3360FC9-F7B9-4A16-A536-E7D16D637DA7}
		{2F328A7F-363B-45BE-AFE1-DE4C35DD1CDB} = {A3360FC9-F7B9-4A16-A536-E7D16D637DA7}
		{6ADD785F-9A16-4DC1-8143-EBDBD299DAE6} = {F4F6D5F3-CF45-46DB-AC0D-EF39D5E07071}
		{A4076BAE-4B45-4886-A27F-A2147648F3FD} = {46B5FBC9-307E-4064-AB35-FF5B92845108}
		{5891863D-C7E7-4D45-9C99-01FD42E7406E} = {46B5FBC9-307E-4064-AB35-FF5B92845108}
		{771178FD-E158-4973-8A45-B6BE9C01F3D9} = {FF5FF048-F196-4C5A-889E-B092AEBF2FC6}
		{AA80C3AA-EBC7-4486-9926-042560763CD6} = {FF5FF048-F196-4C5A-889E-B092AEBF2FC6}
		{0B50B6E6-D0D5-4289-AB5A-F68E713F80BF} = {EAD11C21-B9C5-4F79-BABC-8B01A34904C6}
		{97A12B5C-50DC-44D2-A22A-A9D49DF250DC} = {EAD11C21-B9C5-4F79-BABC-8B01A34904C6}
		{A31D8D9E-725C-413D-889A-BAB44B9DABBD} = {EAD11C21-B9C5-4F79-BABC-8B01A34904C6}
		{84833158-2020-418B-8DA5-3C27E5515973} = {EAD11C21-B9C5-4F79-BABC-8B01A34904C6}
		{44469858-1C55-4E07-87FB-29AEC5357C5F} = {EAD11C21-B9C5-4F79-BABC-8B01A34904C6}
		{5190A180-E830-46B2-B41A-27AC702DB787} = {42EDB405-306E-448A-BD30-B32496895C9A}
		{BF2007A6-0431-4F0B-B684-86948822F5FD} = {42EDB405-306E-448A-BD30-B32496895C9A}
		{649C1820-E460-4F6D-AC64-F8F17CEA506E} = {42EDB405-306E-448A-BD30-B32496895C9A}
		{6474ECB5-9AF8-4F23-BECA-455E86BC74AE} = {EAD11C21-B9C5-4F79-BABC-8B01A34904C6}
		{9BF48506-2B74-43DB-87CA-1548B288794C} = {EAD11C21-B9C5-4F79-BABC-8B01A34904C6}
		{3FD000EB-280F-47E1-B03A-E4D5EFB35C58} = {42EDB405-306E-448A-BD30-B32496895C9A}
		{39B6F614-4E88-475A-B268-4A04988FC9E5} = {534B21F1-6552-4CCD-B390-E41523F675FB}
		{B01C784C-D0E7-4B4C-8A5E-BCBB7B03F787} = {534B21F1-6552-4CCD-B390-E41523F675FB}
		{6E7190B7-C916-4B2F-8695-9FA424B0364C} = {534B21F1-6552-4CCD-B390-E41523F675FB}
		{0862A4C7-66F0-4F33-8D87-8F9E9EC9C43C} = {534B21F1-6552-4CCD-B390-E41523F675FB}
		{740EBA37-5893-495A-90B0-045511BD361D} = {534B21F1-6552-4CCD-B390-E41523F675FB}
		{3ED0BC9B-7868-4DC5-861B-B7C27386B04F} = {73EE1B53-C48E-4500-B9DC-96CC77D87692}
		{CCBD31DF-D1BD-46E2-A70F-C06A8766AD42} = {73EE1B53-C48E-4500-B9DC-96CC77D87692}
		{A9D64D06-2188-4E65-AAB5-84AD489CB5CC} = {73EE1B53-C48E-4500-B9DC-96CC77D87692}
		{3239E3DC-52B9-493E-B709-DC66B6C4973B} = {73EE1B53-C48E-4500-B9DC-96CC77D87692}
		{D02B77E0-E8CE-4A2B-9A27-1F68EED59D08} = {534B21F1-6552-4CCD-B390-E41523F675FB}
		{4FF58EDE-DE6B-48D8-9F09-857CC2135EF9} = {73EE1B53-C48E-4500-B9DC-96CC77D87692}
		{01389099-2144-4B90-8B5B-0393EAEB467E} = {534B21F1-6552-4CCD-B390-E41523F675FB}
		{22AFE077-7E83-4605-A7FA-5FACF347D6CE} = {534B21F1-6552-4CCD-B390-E41523F675FB}
		{A449957E-B8CC-4047-A415-3AB2EC4AE521} = {11BFCA1D-6ECB-4446-87E1-D3EF3D6E8BE2}
		{3EF09241-A8ED-4AAF-B6F3-5D1A49869010} = {11BFCA1D-6ECB-4446-87E1-D3EF3D6E8BE2}
		{1170117F-4809-4746-9C6F-B58A81C9974C} = {11BFCA1D-6ECB-4446-87E1-D3EF3D6E8BE2}
		{FD001217-A168-4CD5-91A8-F9E0994712BD} = {11BFCA1D-6ECB-4446-87E1-D3EF3D6E8BE2}
		{9CFEC9A8-6BC0-4004-B42F-92874B80E6BE} = {11BFCA1D-6ECB-4446-87E1-D3EF3D6E8BE2}
		{2D95873E-5E7E-4639-99E0-3B9E8225F63E} = {9AC1FAEF-9700-47EB-9E83-908DB10D2BC2}
		{CFB7954B-EB89-484F-B539-9AC43DAB0A8E} = {CB20A1B7-12E4-4FC8-BC87-8E2DF070A4C3}
		{183366C4-F6B1-45DD-8A87-7A0FB68D8E79} = {9AC1FAEF-9700-47EB-9E83-908DB10D2BC2}
		{439C8DBD-1057-4711-92C1-B3C264E3F67B} = {DC62202B-6A34-4B2F-BE74-2E49D6735085}
		{2221EC19-81A4-4BC7-AE15-73F264C3094A} = {DC62202B-6A34-4B2F-BE74-2E49D6735085}
		{880FC89D-9D11-4B29-AA86-8AED0DDED3B5} = {5F55F21D-579C-489D-8BDC-F9A20867CB74}
		{4E98BA63-9F18-48BB-BC3B-D770CD99B550} = {5F55F21D-579C-489D-8BDC-F9A20867CB74}
		{73B6422D-4834-410C-803A-54BFFE2E7448} = {5F55F21D-579C-489D-8BDC-F9A20867CB74}
		{A1F1D047-7F10-4788-AD95-0B7C03829295} = {5F55F21D-579C-489D-8BDC-F9A20867CB74}
		{E39C687B-E787-43E3-9F14-F804411F6E98} = {DC62202B-6A34-4B2F-BE74-2E49D6735085}
		{F7BB5667-563C-4E31-B68B-732D2DBC2E6A} = {DC62202B-6A34-4B2F-BE74-2E49D6735085}
		{8405769C-E874-41B3-A8CC-158635EF0C33} = {DC62202B-6A34-4B2F-BE74-2E49D6735085}
	EndGlobalSection
	GlobalSection(ExtensibilityGlobals) = postSolution
		SolutionGuid = {DC8229FF-A928-47D7-A51A-844D103A760F}
	EndGlobalSection
EndGlobal
